
Microsoft Visual Studio Solution File, Format Version 12.00
# Visual Studio 2013
VisualStudioVersion = 12.0.31101.0
MinimumVisualStudioVersion = 10.0.40219.1
Project("{FAE04EC0-301F-11D3-BF4B-00C04F79EFBC}") = "XamarinRepairApp", "XamarinRepairApp\XamarinRepairApp.csproj", "{27453CCC-D6F5-4FB7-ADAA-CA96782B61C7}"
EndProject
Project("{FAE04EC0-301F-11D3-BF4B-00C04F79EFBC}") = "XamarinOffice365.AdalBindings", "XamarinOffice365.AdalBindings\XamarinOffice365.AdalBindings.csproj", "{4ABC2F53-9421-4D67-BF89-84F96E1C5095}"
EndProject
Global
	GlobalSection(TeamFoundationVersionControl) = preSolution
		SccNumberOfProjects = 3
		SccEnterpriseProvider = {4CA58AB2-18FA-4F8D-95D4-32DDF27D184C}
		SccTeamFoundationServer = https://tfs.canviz.com/tfs/canviz
		SccLocalPath0 = .
		SccProjectUniqueName1 = XamarinRepairApp\\XamarinRepairApp.csproj
		SccProjectName1 = XamarinRepairApp
		SccLocalPath1 = XamarinRepairApp
		SccProjectUniqueName2 = XamarinOffice365.AdalBindings\\XamarinOffice365.AdalBindings.csproj
		SccProjectName2 = XamarinOffice365.AdalBindings
		SccLocalPath2 = XamarinOffice365.AdalBindings
	EndGlobalSection
	GlobalSection(SolutionConfigurationPlatforms) = preSolution
		Debug|Any CPU = Debug|Any CPU
		Release|Any CPU = Release|Any CPU
	EndGlobalSection
	GlobalSection(ProjectConfigurationPlatforms) = postSolution
		{27453CCC-D6F5-4FB7-ADAA-CA96782B61C7}.Debug|Any CPU.ActiveCfg = Debug|Any CPU
		{27453CCC-D6F5-4FB7-ADAA-CA96782B61C7}.Debug|Any CPU.Build.0 = Debug|Any CPU
		{27453CCC-D6F5-4FB7-ADAA-CA96782B61C7}.Debug|Any CPU.Deploy.0 = Debug|Any CPU
		{27453CCC-D6F5-4FB7-ADAA-CA96782B61C7}.Release|Any CPU.ActiveCfg = Release|Any CPU
		{27453CCC-D6F5-4FB7-ADAA-CA96782B61C7}.Release|Any CPU.Build.0 = Release|Any CPU
		{27453CCC-D6F5-4FB7-ADAA-CA96782B61C7}.Release|Any CPU.Deploy.0 = Release|Any CPU
		{4ABC2F53-9421-4D67-BF89-84F96E1C5095}.Debug|Any CPU.ActiveCfg = Debug|Any CPU
		{4ABC2F53-9421-4D67-BF89-84F96E1C5095}.Debug|Any CPU.Build.0 = Debug|Any CPU
		{4ABC2F53-9421-4D67-BF89-84F96E1C5095}.Release|Any CPU.ActiveCfg = Release|Any CPU
		{4ABC2F53-9421-4D67-BF89-84F96E1C5095}.Release|Any CPU.Build.0 = Release|Any CPU
	EndGlobalSection
	GlobalSection(SolutionProperties) = preSolution
		HideSolutionNode = FALSE
	EndGlobalSection
EndGlobal
