PODS:
  - ADALiOS (1.2.2)
  - Office365/Graph (0.9.0):
    - Office365/OData
  - Office365/OData (0.9.0)
  - Office365/Outlook (0.9.0):
    - Office365/OData

DEPENDENCIES:
  - ADALiOS (= 1.2.2)
  - Office365/Graph (= 0.9.0)
  - Office365/Outlook (= 0.9.0)

SPEC CHECKSUMS:
  ADALiOS: c32489782fa3b646cfaa581b9e84e394396fc6ac
  Office365: f826969fe9b381e5cf140be5726d36e1ef303c62

COCOAPODS: 0.37.1
