// !$*UTF8*$!
{
	archiveVersion = 1;
	classes = {
	};
	objectVersion = 46;
	objects = {

/* Begin PBXBuildFile section */
		0E18378919D2692D0049C71E /* liboffice365-base-sdk.a in Frameworks */ = {isa = PBXBuildFile; fileRef = 0E18378619D2692D0049C71E /* liboffice365-base-sdk.a */; };
		0E18390A19D2847A0049C71E /* liboffice365-exchange-sdk.a in Frameworks */ = {isa = PBXBuildFile; fileRef = 0E18390919D2847A0049C71E /* liboffice365-exchange-sdk.a */; };
		0E18390F19D2A7FA0049C71E /* EKNEKNGlobalInfo.m in Sources */ = {isa = PBXBuildFile; fileRef = 0E18390E19D2A7FA0049C71E /* EKNEKNGlobalInfo.m */; };
		0EA2D9F919D8094400465DA2 /* ADAL_iPad_Storyboard.storyboard in Resources */ = {isa = PBXBuildFile; fileRef = 0EA2D9F319D8094400465DA2 /* ADAL_iPad_Storyboard.storyboard */; };
		0EA2D9FA19D8094400465DA2 /* ADAL_iPhone_Storyboard.storyboard in Resources */ = {isa = PBXBuildFile; fileRef = 0EA2D9F419D8094400465DA2 /* ADAL_iPhone_Storyboard.storyboard */; };
		0EA2D9FB19D8094400465DA2 /* ADALiOSBundle-Info.plist in Resources */ = {isa = PBXBuildFile; fileRef = 0EA2D9F519D8094400465DA2 /* ADALiOSBundle-Info.plist */; };
		0EA2D9FC19D8094400465DA2 /* InfoPlist.strings in Resources */ = {isa = PBXBuildFile; fileRef = 0EA2D9F719D8094400465DA2 /* InfoPlist.strings */; };
		0EC4F5BA19CFF2C600BEF583 /* Foundation.framework in Frameworks */ = {isa = PBXBuildFile; fileRef = 0EC4F5B919CFF2C600BEF583 /* Foundation.framework */; };
		0EC4F5BC19CFF2C600BEF583 /* CoreGraphics.framework in Frameworks */ = {isa = PBXBuildFile; fileRef = 0EC4F5BB19CFF2C600BEF583 /* CoreGraphics.framework */; };
		0EC4F5BE19CFF2C600BEF583 /* UIKit.framework in Frameworks */ = {isa = PBXBuildFile; fileRef = 0EC4F5BD19CFF2C600BEF583 /* UIKit.framework */; };
		0EC4F5C419CFF2C600BEF583 /* InfoPlist.strings in Resources */ = {isa = PBXBuildFile; fileRef = 0EC4F5C219CFF2C600BEF583 /* InfoPlist.strings */; };
		0EC4F5C619CFF2C600BEF583 /* main.m in Sources */ = {isa = PBXBuildFile; fileRef = 0EC4F5C519CFF2C600BEF583 /* main.m */; };
		0EC4F5CA19CFF2C600BEF583 /* EKNAppDelegate.m in Sources */ = {isa = PBXBuildFile; fileRef = 0EC4F5C919CFF2C600BEF583 /* EKNAppDelegate.m */; };
		0EC4F5CC19CFF2C600BEF583 /* Images.xcassets in Resources */ = {isa = PBXBuildFile; fileRef = 0EC4F5CB19CFF2C600BEF583 /* Images.xcassets */; };
		0EC4F5EA19CFF9FD00BEF583 /* EKNLoginViewController.m in Sources */ = {isa = PBXBuildFile; fileRef = 0EC4F5E919CFF9FD00BEF583 /* EKNLoginViewController.m */; };
		0EC4F5ED19CFFD0200BEF583 /* EKNDeskTopViewController.m in Sources */ = {isa = PBXBuildFile; fileRef = 0EC4F5EC19CFFD0200BEF583 /* EKNDeskTopViewController.m */; };
		3006E1F219DA131B00557CE2 /* Settings.bundle in Resources */ = {isa = PBXBuildFile; fileRef = 3006E1F119DA131B00557CE2 /* Settings.bundle */; };
/* End PBXBuildFile section */

/* Begin PBXFileReference section */
		0E18378619D2692D0049C71E /* liboffice365-base-sdk.a */ = {isa = PBXFileReference; lastKnownFileType = archive.ar; name = "liboffice365-base-sdk.a"; path = "../../../Library/Developer/Xcode/DerivedData/EdKeyNote-gwpjorpdejqxsbddzrvilujfnaey/Build/Products/Debug-iphoneos/liboffice365-base-sdk.a"; sourceTree = "<group>"; };
		0E18390919D2847A0049C71E /* liboffice365-exchange-sdk.a */ = {isa = PBXFileReference; lastKnownFileType = archive.ar; name = "liboffice365-exchange-sdk.a"; path = "../../../Library/Developer/Xcode/DerivedData/EdKeyNote-gwpjorpdejqxsbddzrvilujfnaey/Build/Products/Debug-iphoneos/liboffice365-exchange-sdk.a"; sourceTree = "<group>"; };
		0E18390D19D2A7FA0049C71E /* EKNEKNGlobalInfo.h */ = {isa = PBXFileReference; fileEncoding = 4; lastKnownFileType = sourcecode.c.h; path = EKNEKNGlobalInfo.h; sourceTree = "<group>"; };
		0E18390E19D2A7FA0049C71E /* EKNEKNGlobalInfo.m */ = {isa = PBXFileReference; fileEncoding = 4; lastKnownFileType = sourcecode.c.objc; path = EKNEKNGlobalInfo.m; sourceTree = "<group>"; };
		0EA2D9F319D8094400465DA2 /* ADAL_iPad_Storyboard.storyboard */ = {isa = PBXFileReference; fileEncoding = 4; lastKnownFileType = file.storyboard; path = ADAL_iPad_Storyboard.storyboard; sourceTree = "<group>"; };
		0EA2D9F419D8094400465DA2 /* ADAL_iPhone_Storyboard.storyboard */ = {isa = PBXFileReference; fileEncoding = 4; lastKnownFileType = file.storyboard; path = ADAL_iPhone_Storyboard.storyboard; sourceTree = "<group>"; };
		0EA2D9F519D8094400465DA2 /* ADALiOSBundle-Info.plist */ = {isa = PBXFileReference; fileEncoding = 4; lastKnownFileType = text.plist.xml; path = "ADALiOSBundle-Info.plist"; sourceTree = "<group>"; };
		0EA2D9F619D8094400465DA2 /* ADALiOSBundle-Prefix.pch */ = {isa = PBXFileReference; fileEncoding = 4; lastKnownFileType = sourcecode.c.h; path = "ADALiOSBundle-Prefix.pch"; sourceTree = "<group>"; };
		0EA2D9F819D8094400465DA2 /* en */ = {isa = PBXFileReference; lastKnownFileType = text.plist.strings; name = en; path = en.lproj/InfoPlist.strings; sourceTree = "<group>"; };
		0EC4F5B619CFF2C600BEF583 /* EdKeyNote.app */ = {isa = PBXFileReference; explicitFileType = wrapper.application; includeInIndex = 0; path = EdKeyNote.app; sourceTree = BUILT_PRODUCTS_DIR; };
		0EC4F5B919CFF2C600BEF583 /* Foundation.framework */ = {isa = PBXFileReference; lastKnownFileType = wrapper.framework; name = Foundation.framework; path = System/Library/Frameworks/Foundation.framework; sourceTree = SDKROOT; };
		0EC4F5BB19CFF2C600BEF583 /* CoreGraphics.framework */ = {isa = PBXFileReference; lastKnownFileType = wrapper.framework; name = CoreGraphics.framework; path = System/Library/Frameworks/CoreGraphics.framework; sourceTree = SDKROOT; };
		0EC4F5BD19CFF2C600BEF583 /* UIKit.framework */ = {isa = PBXFileReference; lastKnownFileType = wrapper.framework; name = UIKit.framework; path = System/Library/Frameworks/UIKit.framework; sourceTree = SDKROOT; };
		0EC4F5C119CFF2C600BEF583 /* EdKeyNote-Info.plist */ = {isa = PBXFileReference; lastKnownFileType = text.plist.xml; path = "EdKeyNote-Info.plist"; sourceTree = "<group>"; };
		0EC4F5C319CFF2C600BEF583 /* en */ = {isa = PBXFileReference; lastKnownFileType = text.plist.strings; name = en; path = en.lproj/InfoPlist.strings; sourceTree = "<group>"; };
		0EC4F5C519CFF2C600BEF583 /* main.m */ = {isa = PBXFileReference; lastKnownFileType = sourcecode.c.objc; path = main.m; sourceTree = "<group>"; };
		0EC4F5C719CFF2C600BEF583 /* EdKeyNote-Prefix.pch */ = {isa = PBXFileReference; lastKnownFileType = sourcecode.c.h; path = "EdKeyNote-Prefix.pch"; sourceTree = "<group>"; };
		0EC4F5C819CFF2C600BEF583 /* EKNAppDelegate.h */ = {isa = PBXFileReference; lastKnownFileType = sourcecode.c.h; path = EKNAppDelegate.h; sourceTree = "<group>"; };
		0EC4F5C919CFF2C600BEF583 /* EKNAppDelegate.m */ = {isa = PBXFileReference; lastKnownFileType = sourcecode.c.objc; path = EKNAppDelegate.m; sourceTree = "<group>"; };
		0EC4F5CB19CFF2C600BEF583 /* Images.xcassets */ = {isa = PBXFileReference; lastKnownFileType = folder.assetcatalog; path = Images.xcassets; sourceTree = "<group>"; };
		0EC4F5E819CFF9FD00BEF583 /* EKNLoginViewController.h */ = {isa = PBXFileReference; fileEncoding = 4; lastKnownFileType = sourcecode.c.h; path = EKNLoginViewController.h; sourceTree = "<group>"; };
		0EC4F5E919CFF9FD00BEF583 /* EKNLoginViewController.m */ = {isa = PBXFileReference; fileEncoding = 4; lastKnownFileType = sourcecode.c.objc; path = EKNLoginViewController.m; sourceTree = "<group>"; };
		0EC4F5EB19CFFD0200BEF583 /* EKNDeskTopViewController.h */ = {isa = PBXFileReference; fileEncoding = 4; lastKnownFileType = sourcecode.c.h; path = EKNDeskTopViewController.h; sourceTree = "<group>"; };
		0EC4F5EC19CFFD0200BEF583 /* EKNDeskTopViewController.m */ = {isa = PBXFileReference; fileEncoding = 4; lastKnownFileType = sourcecode.c.objc; path = EKNDeskTopViewController.m; sourceTree = "<group>"; };
		3006E1F119DA131B00557CE2 /* Settings.bundle */ = {isa = PBXFileReference; lastKnownFileType = "wrapper.plug-in"; name = Settings.bundle; path = EdKeyNote/Settings.bundle; sourceTree = "<group>"; };
/* End PBXFileReference section */

/* Begin PBXFrameworksBuildPhase section */
		0EC4F5B319CFF2C600BEF583 /* Frameworks */ = {
			isa = PBXFrameworksBuildPhase;
			buildActionMask = 2147483647;
			files = (
				0E18390A19D2847A0049C71E /* liboffice365-exchange-sdk.a in Frameworks */,
				0E18378919D2692D0049C71E /* liboffice365-base-sdk.a in Frameworks */,
				0EC4F5BC19CFF2C600BEF583 /* CoreGraphics.framework in Frameworks */,
				0EC4F5BE19CFF2C600BEF583 /* UIKit.framework in Frameworks */,
				0EC4F5BA19CFF2C600BEF583 /* Foundation.framework in Frameworks */,
			);
			runOnlyForDeploymentPostprocessing = 0;
		};
/* End PBXFrameworksBuildPhase section */

/* Begin PBXGroup section */
		0EA2D9F219D8094400465DA2 /* ADALiOSBundle */ = {
			isa = PBXGroup;
			children = (
				0EA2D9F319D8094400465DA2 /* ADAL_iPad_Storyboard.storyboard */,
				0EA2D9F419D8094400465DA2 /* ADAL_iPhone_Storyboard.storyboard */,
				0EA2D9F519D8094400465DA2 /* ADALiOSBundle-Info.plist */,
				0EA2D9F619D8094400465DA2 /* ADALiOSBundle-Prefix.pch */,
				0EA2D9F719D8094400465DA2 /* InfoPlist.strings */,
			);
			name = ADALiOSBundle;
			path = EdKeyNote/ADALiOSBundle;
			sourceTree = "<group>";
		};
		0EC4F5AD19CFF2C600BEF583 = {
			isa = PBXGroup;
			children = (
				3006E1F119DA131B00557CE2 /* Settings.bundle */,
				0EA2D9F219D8094400465DA2 /* ADALiOSBundle */,
				0EC4F5BF19CFF2C600BEF583 /* EdKeyNote */,
				0EC4F5B819CFF2C600BEF583 /* Frameworks */,
				0EC4F5B719CFF2C600BEF583 /* Products */,
			);
			sourceTree = "<group>";
		};
		0EC4F5B719CFF2C600BEF583 /* Products */ = {
			isa = PBXGroup;
			children = (
				0EC4F5B619CFF2C600BEF583 /* EdKeyNote.app */,
			);
			name = Products;
			sourceTree = "<group>";
		};
		0EC4F5B819CFF2C600BEF583 /* Frameworks */ = {
			isa = PBXGroup;
			children = (
				0E18390919D2847A0049C71E /* liboffice365-exchange-sdk.a */,
				0E18378619D2692D0049C71E /* liboffice365-base-sdk.a */,
				0EC4F5B919CFF2C600BEF583 /* Foundation.framework */,
				0EC4F5BB19CFF2C600BEF583 /* CoreGraphics.framework */,
				0EC4F5BD19CFF2C600BEF583 /* UIKit.framework */,
			);
			name = Frameworks;
			sourceTree = "<group>";
		};
		0EC4F5BF19CFF2C600BEF583 /* EdKeyNote */ = {
			isa = PBXGroup;
			children = (
				0EC4F5C819CFF2C600BEF583 /* EKNAppDelegate.h */,
				0EC4F5C919CFF2C600BEF583 /* EKNAppDelegate.m */,
				0EC4F5CB19CFF2C600BEF583 /* Images.xcassets */,
				0EC4F5C019CFF2C600BEF583 /* Supporting Files */,
				0EC4F5E819CFF9FD00BEF583 /* EKNLoginViewController.h */,
				0EC4F5E919CFF9FD00BEF583 /* EKNLoginViewController.m */,
				0EC4F5EB19CFFD0200BEF583 /* EKNDeskTopViewController.h */,
				0EC4F5EC19CFFD0200BEF583 /* EKNDeskTopViewController.m */,
				0E18390D19D2A7FA0049C71E /* EKNEKNGlobalInfo.h */,
				0E18390E19D2A7FA0049C71E /* EKNEKNGlobalInfo.m */,
			);
			path = EdKeyNote;
			sourceTree = "<group>";
		};
		0EC4F5C019CFF2C600BEF583 /* Supporting Files */ = {
			isa = PBXGroup;
			children = (
				0EC4F5C119CFF2C600BEF583 /* EdKeyNote-Info.plist */,
				0EC4F5C219CFF2C600BEF583 /* InfoPlist.strings */,
				0EC4F5C519CFF2C600BEF583 /* main.m */,
				0EC4F5C719CFF2C600BEF583 /* EdKeyNote-Prefix.pch */,
			);
			name = "Supporting Files";
			sourceTree = "<group>";
		};
/* End PBXGroup section */

/* Begin PBXNativeTarget section */
		0EC4F5B519CFF2C600BEF583 /* EdKeyNote */ = {
			isa = PBXNativeTarget;
			buildConfigurationList = 0EC4F5E219CFF2C600BEF583 /* Build configuration list for PBXNativeTarget "EdKeyNote" */;
			buildPhases = (
				0EC4F5B219CFF2C600BEF583 /* Sources */,
				0EC4F5B319CFF2C600BEF583 /* Frameworks */,
				0EC4F5B419CFF2C600BEF583 /* Resources */,
			);
			buildRules = (
			);
			dependencies = (
			);
			name = EdKeyNote;
			productName = EdKeyNote;
			productReference = 0EC4F5B619CFF2C600BEF583 /* EdKeyNote.app */;
			productType = "com.apple.product-type.application";
		};
/* End PBXNativeTarget section */

/* Begin PBXProject section */
		0EC4F5AE19CFF2C600BEF583 /* Project object */ = {
			isa = PBXProject;
			attributes = {
				CLASSPREFIX = EKN;
				LastUpgradeCheck = 0510;
				ORGANIZATIONNAME = canviz;
				TargetAttributes = {
					0EC4F5B519CFF2C600BEF583 = {
						DevelopmentTeam = 259SG943ZS;
					};
				};
			};
			buildConfigurationList = 0EC4F5B119CFF2C600BEF583 /* Build configuration list for PBXProject "EdKeyNote" */;
			compatibilityVersion = "Xcode 3.2";
			developmentRegion = English;
			hasScannedForEncodings = 0;
			knownRegions = (
				en,
				Base,
			);
			mainGroup = 0EC4F5AD19CFF2C600BEF583;
			productRefGroup = 0EC4F5B719CFF2C600BEF583 /* Products */;
			projectDirPath = "";
			projectRoot = "";
			targets = (
				0EC4F5B519CFF2C600BEF583 /* EdKeyNote */,
			);
		};
/* End PBXProject section */

/* Begin PBXResourcesBuildPhase section */
		0EC4F5B419CFF2C600BEF583 /* Resources */ = {
			isa = PBXResourcesBuildPhase;
			buildActionMask = 2147483647;
			files = (
				0EA2D9FA19D8094400465DA2 /* ADAL_iPhone_Storyboard.storyboard in Resources */,
				0EA2D9FC19D8094400465DA2 /* InfoPlist.strings in Resources */,
				0EA2D9F919D8094400465DA2 /* ADAL_iPad_Storyboard.storyboard in Resources */,
				0EA2D9FB19D8094400465DA2 /* ADALiOSBundle-Info.plist in Resources */,
				0EC4F5C419CFF2C600BEF583 /* InfoPlist.strings in Resources */,
				0EC4F5CC19CFF2C600BEF583 /* Images.xcassets in Resources */,
				3006E1F219DA131B00557CE2 /* Settings.bundle in Resources */,
			);
			runOnlyForDeploymentPostprocessing = 0;
		};
/* End PBXResourcesBuildPhase section */

/* Begin PBXSourcesBuildPhase section */
		0EC4F5B219CFF2C600BEF583 /* Sources */ = {
			isa = PBXSourcesBuildPhase;
			buildActionMask = 2147483647;
			files = (
				0EC4F5ED19CFFD0200BEF583 /* EKNDeskTopViewController.m in Sources */,
				0EC4F5EA19CFF9FD00BEF583 /* EKNLoginViewController.m in Sources */,
				0EC4F5C619CFF2C600BEF583 /* main.m in Sources */,
				0E18390F19D2A7FA0049C71E /* EKNEKNGlobalInfo.m in Sources */,
				0EC4F5CA19CFF2C600BEF583 /* EKNAppDelegate.m in Sources */,
			);
			runOnlyForDeploymentPostprocessing = 0;
		};
/* End PBXSourcesBuildPhase section */

/* Begin PBXVariantGroup section */
		0EA2D9F719D8094400465DA2 /* InfoPlist.strings */ = {
			isa = PBXVariantGroup;
			children = (
				0EA2D9F819D8094400465DA2 /* en */,
			);
			name = InfoPlist.strings;
			sourceTree = "<group>";
		};
		0EC4F5C219CFF2C600BEF583 /* InfoPlist.strings */ = {
			isa = PBXVariantGroup;
			children = (
				0EC4F5C319CFF2C600BEF583 /* en */,
			);
			name = InfoPlist.strings;
			sourceTree = "<group>";
		};
/* End PBXVariantGroup section */

/* Begin XCBuildConfiguration section */
		0EC4F5E019CFF2C600BEF583 /* Debug */ = {
			isa = XCBuildConfiguration;
			buildSettings = {
				ALWAYS_SEARCH_USER_PATHS = NO;
				CLANG_CXX_LANGUAGE_STANDARD = "gnu++0x";
				CLANG_CXX_LIBRARY = "libc++";
				CLANG_ENABLE_MODULES = YES;
				CLANG_ENABLE_OBJC_ARC = YES;
				CLANG_WARN_BOOL_CONVERSION = YES;
				CLANG_WARN_CONSTANT_CONVERSION = YES;
				CLANG_WARN_DIRECT_OBJC_ISA_USAGE = YES_ERROR;
				CLANG_WARN_EMPTY_BODY = YES;
				CLANG_WARN_ENUM_CONVERSION = YES;
				CLANG_WARN_INT_CONVERSION = YES;
				CLANG_WARN_OBJC_ROOT_CLASS = YES_ERROR;
				CLANG_WARN__DUPLICATE_METHOD_MATCH = YES;
				"CODE_SIGN_IDENTITY[sdk=iphoneos*]" = "iPhone Developer";
				COPY_PHASE_STRIP = NO;
				GCC_C_LANGUAGE_STANDARD = gnu99;
				GCC_DYNAMIC_NO_PIC = NO;
				GCC_OPTIMIZATION_LEVEL = 0;
				GCC_PREPROCESSOR_DEFINITIONS = (
					"DEBUG=1",
					"$(inherited)",
				);
				GCC_SYMBOLS_PRIVATE_EXTERN = NO;
				GCC_WARN_64_TO_32_BIT_CONVERSION = YES;
				GCC_WARN_ABOUT_RETURN_TYPE = YES_ERROR;
				GCC_WARN_UNDECLARED_SELECTOR = YES;
				GCC_WARN_UNINITIALIZED_AUTOS = YES_AGGRESSIVE;
				GCC_WARN_UNUSED_FUNCTION = YES;
				GCC_WARN_UNUSED_VARIABLE = YES;
				IPHONEOS_DEPLOYMENT_TARGET = 7.0;
				ONLY_ACTIVE_ARCH = YES;
				SDKROOT = iphoneos;
				TARGETED_DEVICE_FAMILY = 2;
			};
			name = Debug;
		};
		0EC4F5E119CFF2C600BEF583 /* Release */ = {
			isa = XCBuildConfiguration;
			buildSettings = {
				ALWAYS_SEARCH_USER_PATHS = NO;
				CLANG_CXX_LANGUAGE_STANDARD = "gnu++0x";
				CLANG_CXX_LIBRARY = "libc++";
				CLANG_ENABLE_MODULES = YES;
				CLANG_ENABLE_OBJC_ARC = YES;
				CLANG_WARN_BOOL_CONVERSION = YES;
				CLANG_WARN_CONSTANT_CONVERSION = YES;
				CLANG_WARN_DIRECT_OBJC_ISA_USAGE = YES_ERROR;
				CLANG_WARN_EMPTY_BODY = YES;
				CLANG_WARN_ENUM_CONVERSION = YES;
				CLANG_WARN_INT_CONVERSION = YES;
				CLANG_WARN_OBJC_ROOT_CLASS = YES_ERROR;
				CLANG_WARN__DUPLICATE_METHOD_MATCH = YES;
				"CODE_SIGN_IDENTITY[sdk=iphoneos*]" = "iPhone Developer";
				COPY_PHASE_STRIP = YES;
				ENABLE_NS_ASSERTIONS = NO;
				GCC_C_LANGUAGE_STANDARD = gnu99;
				GCC_WARN_64_TO_32_BIT_CONVERSION = YES;
				GCC_WARN_ABOUT_RETURN_TYPE = YES_ERROR;
				GCC_WARN_UNDECLARED_SELECTOR = YES;
				GCC_WARN_UNINITIALIZED_AUTOS = YES_AGGRESSIVE;
				GCC_WARN_UNUSED_FUNCTION = YES;
				GCC_WARN_UNUSED_VARIABLE = YES;
				IPHONEOS_DEPLOYMENT_TARGET = 7.0;
				SDKROOT = iphoneos;
				TARGETED_DEVICE_FAMILY = 2;
				VALIDATE_PRODUCT = YES;
			};
			name = Release;
		};
		0EC4F5E319CFF2C600BEF583 /* Debug */ = {
			isa = XCBuildConfiguration;
			buildSettings = {
				ASSETCATALOG_COMPILER_APPICON_NAME = AppIcon;
				ASSETCATALOG_COMPILER_LAUNCHIMAGE_NAME = LaunchImage;
				CODE_SIGN_IDENTITY = "iPhone Developer";
				"CODE_SIGN_IDENTITY[sdk=iphoneos*]" = "iPhone Developer";
				GCC_PRECOMPILE_PREFIX_HEADER = YES;
				GCC_PREFIX_HEADER = "EdKeyNote/EdKeyNote-Prefix.pch";
				INFOPLIST_FILE = "EdKeyNote/EdKeyNote-Info.plist";
				IPHONEOS_DEPLOYMENT_TARGET = 7.0;
				LIBRARY_SEARCH_PATHS = (
					"$(inherited)",
					"$(USER_LIBRARY_DIR)/Developer/Xcode/DerivedData/EdKeyNote-gwpjorpdejqxsbddzrvilujfnaey/Build/Products/Debug-iphoneos",
					"/Users/canviz/Desktop/EdKeyNote/office365-exchange-sdk/build/Debug-iphoneos",
				);
				OTHER_LDFLAGS = "-ObjC";
				PRODUCT_NAME = "$(TARGET_NAME)";
				PROVISIONING_PROFILE = "";
				SDKROOT = iphoneos8.0;
				TARGETED_DEVICE_FAMILY = 2;
				WRAPPER_EXTENSION = app;
			};
			name = Debug;
		};
		0EC4F5E419CFF2C600BEF583 /* Release */ = {
			isa = XCBuildConfiguration;
			buildSettings = {
				ASSETCATALOG_COMPILER_APPICON_NAME = AppIcon;
				ASSETCATALOG_COMPILER_LAUNCHIMAGE_NAME = LaunchImage;
				CODE_SIGN_IDENTITY = "iPhone Developer";
				"CODE_SIGN_IDENTITY[sdk=iphoneos*]" = "iPhone Developer";
				GCC_PRECOMPILE_PREFIX_HEADER = YES;
				GCC_PREFIX_HEADER = "EdKeyNote/EdKeyNote-Prefix.pch";
				INFOPLIST_FILE = "EdKeyNote/EdKeyNote-Info.plist";
				IPHONEOS_DEPLOYMENT_TARGET = 7.0;
				LIBRARY_SEARCH_PATHS = (
					"$(inherited)",
					"$(USER_LIBRARY_DIR)/Developer/Xcode/DerivedData/EdKeyNote-gwpjorpdejqxsbddzrvilujfnaey/Build/Products/Debug-iphoneos",
					"/Users/canviz/Desktop/EdKeyNote/office365-exchange-sdk/build/Debug-iphoneos",
				);
				OTHER_LDFLAGS = "-ObjC";
				PRODUCT_NAME = "$(TARGET_NAME)";
				PROVISIONING_PROFILE = "";
				SDKROOT = iphoneos8.0;
				TARGETED_DEVICE_FAMILY = 2;
				WRAPPER_EXTENSION = app;
			};
			name = Release;
		};
/* End XCBuildConfiguration section */

/* Begin XCConfigurationList section */
		0EC4F5B119CFF2C600BEF583 /* Build configuration list for PBXProject "EdKeyNote" */ = {
			isa = XCConfigurationList;
			buildConfigurations = (
				0EC4F5E019CFF2C600BEF583 /* Debug */,
				0EC4F5E119CFF2C600BEF583 /* Release */,
			);
			defaultConfigurationIsVisible = 0;
			defaultConfigurationName = Release;
		};
		0EC4F5E219CFF2C600BEF583 /* Build configuration list for PBXNativeTarget "EdKeyNote" */ = {
			isa = XCConfigurationList;
			buildConfigurations = (
				0EC4F5E319CFF2C600BEF583 /* Debug */,
				0EC4F5E419CFF2C600BEF583 /* Release */,
			);
			defaultConfigurationIsVisible = 0;
			defaultConfigurationName = Release;
		};
/* End XCConfigurationList section */
	};
	rootObject = 0EC4F5AE19CFF2C600BEF583 /* Project object */;
}
