// !$*UTF8*$!
{
	archiveVersion = 1;
	classes = {
	};
	objectVersion = 46;
	objects = {

/* Begin PBXBuildFile section */
		0E18378919D2692D0049C71E /* liboffice365-base-sdk.a in Frameworks */ = {isa = PBXBuildFile; fileRef = 0E18378619D2692D0049C71E /* liboffice365-base-sdk.a */; };
		0E18390A19D2847A0049C71E /* liboffice365-exchange-sdk.a in Frameworks */ = {isa = PBXBuildFile; fileRef = 0E18390919D2847A0049C71E /* liboffice365-exchange-sdk.a */; };
		0E18390F19D2A7FA0049C71E /* EKNEKNGlobalInfo.m in Sources */ = {isa = PBXBuildFile; fileRef = 0E18390E19D2A7FA0049C71E /* EKNEKNGlobalInfo.m */; };
		0E9D42BF19E8C6BF00329A81 /* detailsepartorline.png in Resources */ = {isa = PBXBuildFile; fileRef = 0E9D42BE19E8C6BF00329A81 /* detailsepartorline.png */; };
		0E9D42C219E8CB7500329A81 /* PropertyDetailsCell.m in Sources */ = {isa = PBXBuildFile; fileRef = 0E9D42C119E8CB7500329A81 /* PropertyDetailsCell.m */; };
		0E9D42C419E8D72700329A81 /* PropertyDetailsImage.xib in Resources */ = {isa = PBXBuildFile; fileRef = 0E9D42C319E8D72700329A81 /* PropertyDetailsImage.xib */; };
		0E9D42C719E8F22200329A81 /* PropertyDetailsImage.m in Sources */ = {isa = PBXBuildFile; fileRef = 0E9D42C619E8F22200329A81 /* PropertyDetailsImage.m */; };
		0E9D42CC19E8FEFD00329A81 /* home@2x~ipad.png in Resources */ = {isa = PBXBuildFile; fileRef = 0E9D42C819E8FEFD00329A81 /* home@2x~ipad.png */; };
		0E9D42CD19E8FEFD00329A81 /* home~ipad.png in Resources */ = {isa = PBXBuildFile; fileRef = 0E9D42C919E8FEFD00329A81 /* home~ipad.png */; };
		0E9D42CE19E8FEFD00329A81 /* man@2x~ipad.png in Resources */ = {isa = PBXBuildFile; fileRef = 0E9D42CA19E8FEFD00329A81 /* man@2x~ipad.png */; };
		0E9D42CF19E8FEFD00329A81 /* man~ipad.png in Resources */ = {isa = PBXBuildFile; fileRef = 0E9D42CB19E8FEFD00329A81 /* man~ipad.png */; };
		0E9D42D519E939AF00329A81 /* PropertyDetailsCell.xib in Resources */ = {isa = PBXBuildFile; fileRef = 0E9D42D419E939AF00329A81 /* PropertyDetailsCell.xib */; };
		0E9D42FE19E98D5600329A81 /* ContactOwnerCell.m in Sources */ = {isa = PBXBuildFile; fileRef = 0E9D42F919E98D5600329A81 /* ContactOwnerCell.m */; };
		0E9D42FF19E98D5600329A81 /* ContactOwnerCell.xib in Resources */ = {isa = PBXBuildFile; fileRef = 0E9D42FA19E98D5600329A81 /* ContactOwnerCell.xib */; };
		0E9D430E19E98DDB00329A81 /* black@2x~ipad.png in Resources */ = {isa = PBXBuildFile; fileRef = 0E9D430219E98DDB00329A81 /* black@2x~ipad.png */; };
		0E9D430F19E98DDB00329A81 /* black~ipad.png in Resources */ = {isa = PBXBuildFile; fileRef = 0E9D430319E98DDB00329A81 /* black~ipad.png */; };
		0E9D431019E98DDB00329A81 /* email@2x~ipad.png in Resources */ = {isa = PBXBuildFile; fileRef = 0E9D430419E98DDB00329A81 /* email@2x~ipad.png */; };
		0E9D431119E98DDB00329A81 /* email~ipad.png in Resources */ = {isa = PBXBuildFile; fileRef = 0E9D430519E98DDB00329A81 /* email~ipad.png */; };
		0E9D431219E98DDB00329A81 /* green@2x~ipad.png in Resources */ = {isa = PBXBuildFile; fileRef = 0E9D430619E98DDB00329A81 /* green@2x~ipad.png */; };
		0E9D431319E98DDB00329A81 /* green~ipad.png in Resources */ = {isa = PBXBuildFile; fileRef = 0E9D430719E98DDB00329A81 /* green~ipad.png */; };
		0E9D431419E98DDB00329A81 /* plus@2x~ipad.png in Resources */ = {isa = PBXBuildFile; fileRef = 0E9D430819E98DDB00329A81 /* plus@2x~ipad.png */; };
		0E9D431519E98DDB00329A81 /* plus~ipad.png in Resources */ = {isa = PBXBuildFile; fileRef = 0E9D430919E98DDB00329A81 /* plus~ipad.png */; };
		0E9D431619E98DDB00329A81 /* red@2x~ipad.png in Resources */ = {isa = PBXBuildFile; fileRef = 0E9D430A19E98DDB00329A81 /* red@2x~ipad.png */; };
		0E9D431719E98DDB00329A81 /* red~ipad.png in Resources */ = {isa = PBXBuildFile; fileRef = 0E9D430B19E98DDB00329A81 /* red~ipad.png */; };
		0E9D431819E98DDB00329A81 /* seg@2x~ipad.png in Resources */ = {isa = PBXBuildFile; fileRef = 0E9D430C19E98DDB00329A81 /* seg@2x~ipad.png */; };
		0E9D431919E98DDB00329A81 /* seg~ipad.png in Resources */ = {isa = PBXBuildFile; fileRef = 0E9D430D19E98DDB00329A81 /* seg~ipad.png */; };
		0EA20B1C19E549DB007EBF6A /* ListClient.m in Sources */ = {isa = PBXBuildFile; fileRef = 0EA20B1919E549DB007EBF6A /* ListClient.m */; };
		0EA20B1D19E549DB007EBF6A /* ListItem.m in Sources */ = {isa = PBXBuildFile; fileRef = 0EA20B1B19E549DB007EBF6A /* ListItem.m */; };
		0EA2D9F919D8094400465DA2 /* ADAL_iPad_Storyboard.storyboard in Resources */ = {isa = PBXBuildFile; fileRef = 0EA2D9F319D8094400465DA2 /* ADAL_iPad_Storyboard.storyboard */; };
		0EA2D9FA19D8094400465DA2 /* ADAL_iPhone_Storyboard.storyboard in Resources */ = {isa = PBXBuildFile; fileRef = 0EA2D9F419D8094400465DA2 /* ADAL_iPhone_Storyboard.storyboard */; };
		0EA2D9FB19D8094400465DA2 /* ADALiOSBundle-Info.plist in Resources */ = {isa = PBXBuildFile; fileRef = 0EA2D9F519D8094400465DA2 /* ADALiOSBundle-Info.plist */; };
		0EA2D9FC19D8094400465DA2 /* InfoPlist.strings in Resources */ = {isa = PBXBuildFile; fileRef = 0EA2D9F719D8094400465DA2 /* InfoPlist.strings */; };
		0EADF93619E79F9200E1DE77 /* camera@2x~ipad.png in Resources */ = {isa = PBXBuildFile; fileRef = 0EADF92C19E79F9200E1DE77 /* camera@2x~ipad.png */; };
		0EADF93719E79F9200E1DE77 /* camera~ipad.png in Resources */ = {isa = PBXBuildFile; fileRef = 0EADF92D19E79F9200E1DE77 /* camera~ipad.png */; };
		0EADF93819E79F9200E1DE77 /* demo_room@2x~ipad.png in Resources */ = {isa = PBXBuildFile; fileRef = 0EADF92E19E79F9200E1DE77 /* demo_room@2x~ipad.png */; };
		0EADF93919E79F9200E1DE77 /* demo_room~ipad.png in Resources */ = {isa = PBXBuildFile; fileRef = 0EADF92F19E79F9200E1DE77 /* demo_room~ipad.png */; };
		0EADF93A19E79F9200E1DE77 /* dropdown_arrow@2x~ipad.png in Resources */ = {isa = PBXBuildFile; fileRef = 0EADF93019E79F9200E1DE77 /* dropdown_arrow@2x~ipad.png */; };
		0EADF93B19E79F9200E1DE77 /* dropdown_arrow~ipad.png in Resources */ = {isa = PBXBuildFile; fileRef = 0EADF93119E79F9200E1DE77 /* dropdown_arrow~ipad.png */; };
		0EADF93C19E79F9200E1DE77 /* navigation_background@2x~ipad.png in Resources */ = {isa = PBXBuildFile; fileRef = 0EADF93219E79F9200E1DE77 /* navigation_background@2x~ipad.png */; };
		0EADF93D19E79F9200E1DE77 /* navigation_background~ipad.png in Resources */ = {isa = PBXBuildFile; fileRef = 0EADF93319E79F9200E1DE77 /* navigation_background~ipad.png */; };
		0EADF93E19E79F9200E1DE77 /* setting@2x~ipad.png in Resources */ = {isa = PBXBuildFile; fileRef = 0EADF93419E79F9200E1DE77 /* setting@2x~ipad.png */; };
		0EADF93F19E79F9200E1DE77 /* setting~ipad.png in Resources */ = {isa = PBXBuildFile; fileRef = 0EADF93519E79F9200E1DE77 /* setting~ipad.png */; };
		0EADF94419E7A3AF00E1DE77 /* sepratorline@2x~ipad.png in Resources */ = {isa = PBXBuildFile; fileRef = 0EADF94219E7A3AF00E1DE77 /* sepratorline@2x~ipad.png */; };
		0EADF94519E7A3AF00E1DE77 /* sepratorline~ipad.png in Resources */ = {isa = PBXBuildFile; fileRef = 0EADF94319E7A3AF00E1DE77 /* sepratorline~ipad.png */; };
		0EADF94819E7AD2A00E1DE77 /* EKN+UIImagePickerController.m in Sources */ = {isa = PBXBuildFile; fileRef = 0EADF94719E7AD2A00E1DE77 /* EKN+UIImagePickerController.m */; };
		0EADF95119E7C2B900E1DE77 /* EKN+NavigationController.m in Sources */ = {isa = PBXBuildFile; fileRef = 0EADF95019E7C2B900E1DE77 /* EKN+NavigationController.m */; };
		0EADF95419E7C36E00E1DE77 /* EKN+UIViewController.m in Sources */ = {isa = PBXBuildFile; fileRef = 0EADF95319E7C36E00E1DE77 /* EKN+UIViewController.m */; };
		0EB26CDC19EB9EB0007172F5 /* before@2x~ipad.png in Resources */ = {isa = PBXBuildFile; fileRef = 0EB26CDA19EB9EAF007172F5 /* before@2x~ipad.png */; };
		0EB26CDD19EB9EB0007172F5 /* before~ipad.png in Resources */ = {isa = PBXBuildFile; fileRef = 0EB26CDB19EB9EB0007172F5 /* before~ipad.png */; };
		0EB26CE019EBC0DA007172F5 /* seg2@2x~ipad.png in Resources */ = {isa = PBXBuildFile; fileRef = 0EB26CDE19EBC0DA007172F5 /* seg2@2x~ipad.png */; };
		0EB26CE119EBC0DA007172F5 /* seg2~ipad.png in Resources */ = {isa = PBXBuildFile; fileRef = 0EB26CDF19EBC0DA007172F5 /* seg2~ipad.png */; };
		0EC4F5BA19CFF2C600BEF583 /* Foundation.framework in Frameworks */ = {isa = PBXBuildFile; fileRef = 0EC4F5B919CFF2C600BEF583 /* Foundation.framework */; };
		0EC4F5BC19CFF2C600BEF583 /* CoreGraphics.framework in Frameworks */ = {isa = PBXBuildFile; fileRef = 0EC4F5BB19CFF2C600BEF583 /* CoreGraphics.framework */; };
		0EC4F5BE19CFF2C600BEF583 /* UIKit.framework in Frameworks */ = {isa = PBXBuildFile; fileRef = 0EC4F5BD19CFF2C600BEF583 /* UIKit.framework */; };
		0EC4F5C419CFF2C600BEF583 /* InfoPlist.strings in Resources */ = {isa = PBXBuildFile; fileRef = 0EC4F5C219CFF2C600BEF583 /* InfoPlist.strings */; };
		0EC4F5C619CFF2C600BEF583 /* main.m in Sources */ = {isa = PBXBuildFile; fileRef = 0EC4F5C519CFF2C600BEF583 /* main.m */; };
		0EC4F5CA19CFF2C600BEF583 /* EKNAppDelegate.m in Sources */ = {isa = PBXBuildFile; fileRef = 0EC4F5C919CFF2C600BEF583 /* EKNAppDelegate.m */; };
		0EC4F5CC19CFF2C600BEF583 /* Images.xcassets in Resources */ = {isa = PBXBuildFile; fileRef = 0EC4F5CB19CFF2C600BEF583 /* Images.xcassets */; };
		0EC4F5EA19CFF9FD00BEF583 /* EKNLoginViewController.m in Sources */ = {isa = PBXBuildFile; fileRef = 0EC4F5E919CFF9FD00BEF583 /* EKNLoginViewController.m */; };
		3006E1F219DA131B00557CE2 /* Settings.bundle in Resources */ = {isa = PBXBuildFile; fileRef = 3006E1F119DA131B00557CE2 /* Settings.bundle */; };
		F360DE2319E7DAA400311CFC /* EKNCollectionViewCell.m in Sources */ = {isa = PBXBuildFile; fileRef = F360DE2119E7DAA400311CFC /* EKNCollectionViewCell.m */; };
		F360DE2419E7DAA400311CFC /* EKNCollectionViewCell.xib in Resources */ = {isa = PBXBuildFile; fileRef = F360DE2219E7DAA400311CFC /* EKNCollectionViewCell.xib */; };
		F3673A6D19ED2D5800C02B44 /* EKNIncidentViewController.m in Sources */ = {isa = PBXBuildFile; fileRef = F3673A6C19ED2D5800C02B44 /* EKNIncidentViewController.m */; };
		F3673A7319ED2F2400C02B44 /* IncidentListItemCell.m in Sources */ = {isa = PBXBuildFile; fileRef = F3673A7119ED2F2400C02B44 /* IncidentListItemCell.m */; };
		F3673A7419ED2F2400C02B44 /* IncidentListItemCell.xib in Resources */ = {isa = PBXBuildFile; fileRef = F3673A7219ED2F2400C02B44 /* IncidentListItemCell.xib */; };
		F370C4D019F10461000E5FA0 /* camera_gray~ipad.png in Resources */ = {isa = PBXBuildFile; fileRef = F370C4CE19F10461000E5FA0 /* camera_gray~ipad.png */; };
		F370C4D119F10461000E5FA0 /* camera_gray@2x~ipad.png in Resources */ = {isa = PBXBuildFile; fileRef = F370C4CF19F10461000E5FA0 /* camera_gray@2x~ipad.png */; };
		F3A1DF2819EF5D5700B9762B /* default~ipad.png in Resources */ = {isa = PBXBuildFile; fileRef = F3A1DF2719EF5D5700B9762B /* default~ipad.png */; };
		F3A1DF2F19EFC00A00B9762B /* incident_detailtab~ipad.png in Resources */ = {isa = PBXBuildFile; fileRef = F3A1DF2919EFC00A00B9762B /* incident_detailtab~ipad.png */; };
		F3A1DF3019EFC00A00B9762B /* incident_detailtab@2x~ipad.png in Resources */ = {isa = PBXBuildFile; fileRef = F3A1DF2A19EFC00A00B9762B /* incident_detailtab@2x~ipad.png */; };
		F3A1DF3119EFC00A00B9762B /* calendar~ipad.png in Resources */ = {isa = PBXBuildFile; fileRef = F3A1DF2B19EFC00A00B9762B /* calendar~ipad.png */; };
		F3A1DF3219EFC00A00B9762B /* calendar@2x~ipad.png in Resources */ = {isa = PBXBuildFile; fileRef = F3A1DF2C19EFC00A00B9762B /* calendar@2x~ipad.png */; };
		F3A1DF3319EFC00A00B9762B /* finalize_repair~ipad.png in Resources */ = {isa = PBXBuildFile; fileRef = F3A1DF2D19EFC00A00B9762B /* finalize_repair~ipad.png */; };
		F3A1DF3419EFC00A00B9762B /* finalize_repair@2x~ipad.png in Resources */ = {isa = PBXBuildFile; fileRef = F3A1DF2E19EFC00A00B9762B /* finalize_repair@2x~ipad.png */; };
		F3D2B21C19E6349100069182 /* EKNRoomDetailsViewController.m in Sources */ = {isa = PBXBuildFile; fileRef = F3D2B21B19E6349100069182 /* EKNRoomDetailsViewController.m */; };
		F3F94C6B19E93D13001EB785 /* demo_rightroom6~ipad.png in Resources */ = {isa = PBXBuildFile; fileRef = F3F94C6019E93D13001EB785 /* demo_rightroom6~ipad.png */; };
		F3F94C6C19E93D13001EB785 /* demo_rightroom5~ipad.png in Resources */ = {isa = PBXBuildFile; fileRef = F3F94C6119E93D13001EB785 /* demo_rightroom5~ipad.png */; };
		F3F94C6D19E93D13001EB785 /* demo_rightroom4~ipad.png in Resources */ = {isa = PBXBuildFile; fileRef = F3F94C6219E93D13001EB785 /* demo_rightroom4~ipad.png */; };
		F3F94C6E19E93D13001EB785 /* demo_rightroom3~ipad.png in Resources */ = {isa = PBXBuildFile; fileRef = F3F94C6319E93D13001EB785 /* demo_rightroom3~ipad.png */; };
		F3F94C6F19E93D13001EB785 /* demo_rightroom1~ipad.png in Resources */ = {isa = PBXBuildFile; fileRef = F3F94C6419E93D13001EB785 /* demo_rightroom1~ipad.png */; };
		F3F94C7019E93D13001EB785 /* selected~ipad.png in Resources */ = {isa = PBXBuildFile; fileRef = F3F94C6519E93D13001EB785 /* selected~ipad.png */; };
		F3F94C7119E93D13001EB785 /* selected@2x~ipad.png in Resources */ = {isa = PBXBuildFile; fileRef = F3F94C6619E93D13001EB785 /* selected@2x~ipad.png */; };
		F3F94C7219E93D13001EB785 /* demo_room2~ipad.png in Resources */ = {isa = PBXBuildFile; fileRef = F3F94C6719E93D13001EB785 /* demo_room2~ipad.png */; };
		F3F94C7319E93D13001EB785 /* demo_room2@2x~ipad.png in Resources */ = {isa = PBXBuildFile; fileRef = F3F94C6819E93D13001EB785 /* demo_room2@2x~ipad.png */; };
		F3F94C7419E93D13001EB785 /* demo_room1~ipad.png in Resources */ = {isa = PBXBuildFile; fileRef = F3F94C6919E93D13001EB785 /* demo_room1~ipad.png */; };
		F3F94C7519E93D13001EB785 /* demo_room1@2x~ipad.png in Resources */ = {isa = PBXBuildFile; fileRef = F3F94C6A19E93D13001EB785 /* demo_room1@2x~ipad.png */; };
/* End PBXBuildFile section */

/* Begin PBXFileReference section */
		0E18378619D2692D0049C71E /* liboffice365-base-sdk.a */ = {isa = PBXFileReference; lastKnownFileType = archive.ar; name = "liboffice365-base-sdk.a"; path = "../../../Library/Developer/Xcode/DerivedData/EdKeyNote-gwpjorpdejqxsbddzrvilujfnaey/Build/Products/Debug-iphoneos/liboffice365-base-sdk.a"; sourceTree = "<group>"; };
		0E18390919D2847A0049C71E /* liboffice365-exchange-sdk.a */ = {isa = PBXFileReference; lastKnownFileType = archive.ar; name = "liboffice365-exchange-sdk.a"; path = "../../../Library/Developer/Xcode/DerivedData/EdKeyNote-gwpjorpdejqxsbddzrvilujfnaey/Build/Products/Debug-iphoneos/liboffice365-exchange-sdk.a"; sourceTree = "<group>"; };
		0E18390D19D2A7FA0049C71E /* EKNEKNGlobalInfo.h */ = {isa = PBXFileReference; fileEncoding = 4; lastKnownFileType = sourcecode.c.h; path = EKNEKNGlobalInfo.h; sourceTree = "<group>"; };
		0E18390E19D2A7FA0049C71E /* EKNEKNGlobalInfo.m */ = {isa = PBXFileReference; fileEncoding = 4; lastKnownFileType = sourcecode.c.objc; path = EKNEKNGlobalInfo.m; sourceTree = "<group>"; };
		0E9D42BE19E8C6BF00329A81 /* detailsepartorline.png */ = {isa = PBXFileReference; lastKnownFileType = image.png; path = detailsepartorline.png; sourceTree = "<group>"; };
		0E9D42C019E8CB7500329A81 /* PropertyDetailsCell.h */ = {isa = PBXFileReference; fileEncoding = 4; lastKnownFileType = sourcecode.c.h; path = PropertyDetailsCell.h; sourceTree = "<group>"; };
		0E9D42C119E8CB7500329A81 /* PropertyDetailsCell.m */ = {isa = PBXFileReference; fileEncoding = 4; lastKnownFileType = sourcecode.c.objc; path = PropertyDetailsCell.m; sourceTree = "<group>"; };
		0E9D42C319E8D72700329A81 /* PropertyDetailsImage.xib */ = {isa = PBXFileReference; fileEncoding = 4; lastKnownFileType = file.xib; path = PropertyDetailsImage.xib; sourceTree = "<group>"; };
		0E9D42C519E8F22200329A81 /* PropertyDetailsImage.h */ = {isa = PBXFileReference; fileEncoding = 4; lastKnownFileType = sourcecode.c.h; path = PropertyDetailsImage.h; sourceTree = "<group>"; };
		0E9D42C619E8F22200329A81 /* PropertyDetailsImage.m */ = {isa = PBXFileReference; fileEncoding = 4; lastKnownFileType = sourcecode.c.objc; path = PropertyDetailsImage.m; sourceTree = "<group>"; };
		0E9D42C819E8FEFD00329A81 /* home@2x~ipad.png */ = {isa = PBXFileReference; lastKnownFileType = image.png; path = "home@2x~ipad.png"; sourceTree = "<group>"; };
		0E9D42C919E8FEFD00329A81 /* home~ipad.png */ = {isa = PBXFileReference; lastKnownFileType = image.png; path = "home~ipad.png"; sourceTree = "<group>"; };
		0E9D42CA19E8FEFD00329A81 /* man@2x~ipad.png */ = {isa = PBXFileReference; lastKnownFileType = image.png; path = "man@2x~ipad.png"; sourceTree = "<group>"; };
		0E9D42CB19E8FEFD00329A81 /* man~ipad.png */ = {isa = PBXFileReference; lastKnownFileType = image.png; path = "man~ipad.png"; sourceTree = "<group>"; };
		0E9D42D419E939AF00329A81 /* PropertyDetailsCell.xib */ = {isa = PBXFileReference; fileEncoding = 4; lastKnownFileType = file.xib; path = PropertyDetailsCell.xib; sourceTree = "<group>"; };
		0E9D42F819E98D5600329A81 /* ContactOwnerCell.h */ = {isa = PBXFileReference; fileEncoding = 4; lastKnownFileType = sourcecode.c.h; path = ContactOwnerCell.h; sourceTree = "<group>"; };
		0E9D42F919E98D5600329A81 /* ContactOwnerCell.m */ = {isa = PBXFileReference; fileEncoding = 4; lastKnownFileType = sourcecode.c.objc; path = ContactOwnerCell.m; sourceTree = "<group>"; };
		0E9D42FA19E98D5600329A81 /* ContactOwnerCell.xib */ = {isa = PBXFileReference; fileEncoding = 4; lastKnownFileType = file.xib; path = ContactOwnerCell.xib; sourceTree = "<group>"; };
		0E9D430219E98DDB00329A81 /* black@2x~ipad.png */ = {isa = PBXFileReference; lastKnownFileType = image.png; path = "black@2x~ipad.png"; sourceTree = "<group>"; };
		0E9D430319E98DDB00329A81 /* black~ipad.png */ = {isa = PBXFileReference; lastKnownFileType = image.png; path = "black~ipad.png"; sourceTree = "<group>"; };
		0E9D430419E98DDB00329A81 /* email@2x~ipad.png */ = {isa = PBXFileReference; lastKnownFileType = image.png; path = "email@2x~ipad.png"; sourceTree = "<group>"; };
		0E9D430519E98DDB00329A81 /* email~ipad.png */ = {isa = PBXFileReference; lastKnownFileType = image.png; path = "email~ipad.png"; sourceTree = "<group>"; };
		0E9D430619E98DDB00329A81 /* green@2x~ipad.png */ = {isa = PBXFileReference; lastKnownFileType = image.png; path = "green@2x~ipad.png"; sourceTree = "<group>"; };
		0E9D430719E98DDB00329A81 /* green~ipad.png */ = {isa = PBXFileReference; lastKnownFileType = image.png; path = "green~ipad.png"; sourceTree = "<group>"; };
		0E9D430819E98DDB00329A81 /* plus@2x~ipad.png */ = {isa = PBXFileReference; lastKnownFileType = image.png; path = "plus@2x~ipad.png"; sourceTree = "<group>"; };
		0E9D430919E98DDB00329A81 /* plus~ipad.png */ = {isa = PBXFileReference; lastKnownFileType = image.png; path = "plus~ipad.png"; sourceTree = "<group>"; };
		0E9D430A19E98DDB00329A81 /* red@2x~ipad.png */ = {isa = PBXFileReference; lastKnownFileType = image.png; path = "red@2x~ipad.png"; sourceTree = "<group>"; };
		0E9D430B19E98DDB00329A81 /* red~ipad.png */ = {isa = PBXFileReference; lastKnownFileType = image.png; path = "red~ipad.png"; sourceTree = "<group>"; };
		0E9D430C19E98DDB00329A81 /* seg@2x~ipad.png */ = {isa = PBXFileReference; lastKnownFileType = image.png; path = "seg@2x~ipad.png"; sourceTree = "<group>"; };
		0E9D430D19E98DDB00329A81 /* seg~ipad.png */ = {isa = PBXFileReference; lastKnownFileType = image.png; path = "seg~ipad.png"; sourceTree = "<group>"; };
		0EA20B1819E549DB007EBF6A /* ListClient.h */ = {isa = PBXFileReference; fileEncoding = 4; lastKnownFileType = sourcecode.c.h; path = ListClient.h; sourceTree = "<group>"; };
		0EA20B1919E549DB007EBF6A /* ListClient.m */ = {isa = PBXFileReference; fileEncoding = 4; lastKnownFileType = sourcecode.c.objc; path = ListClient.m; sourceTree = "<group>"; };
		0EA20B1A19E549DB007EBF6A /* ListItem.h */ = {isa = PBXFileReference; fileEncoding = 4; lastKnownFileType = sourcecode.c.h; path = ListItem.h; sourceTree = "<group>"; };
		0EA20B1B19E549DB007EBF6A /* ListItem.m */ = {isa = PBXFileReference; fileEncoding = 4; lastKnownFileType = sourcecode.c.objc; path = ListItem.m; sourceTree = "<group>"; };
		0EA2D9F319D8094400465DA2 /* ADAL_iPad_Storyboard.storyboard */ = {isa = PBXFileReference; fileEncoding = 4; lastKnownFileType = file.storyboard; path = ADAL_iPad_Storyboard.storyboard; sourceTree = "<group>"; };
		0EA2D9F419D8094400465DA2 /* ADAL_iPhone_Storyboard.storyboard */ = {isa = PBXFileReference; fileEncoding = 4; lastKnownFileType = file.storyboard; path = ADAL_iPhone_Storyboard.storyboard; sourceTree = "<group>"; };
		0EA2D9F519D8094400465DA2 /* ADALiOSBundle-Info.plist */ = {isa = PBXFileReference; fileEncoding = 4; lastKnownFileType = text.plist.xml; path = "ADALiOSBundle-Info.plist"; sourceTree = "<group>"; };
		0EA2D9F619D8094400465DA2 /* ADALiOSBundle-Prefix.pch */ = {isa = PBXFileReference; fileEncoding = 4; lastKnownFileType = sourcecode.c.h; path = "ADALiOSBundle-Prefix.pch"; sourceTree = "<group>"; };
		0EA2D9F819D8094400465DA2 /* en */ = {isa = PBXFileReference; lastKnownFileType = text.plist.strings; name = en; path = en.lproj/InfoPlist.strings; sourceTree = "<group>"; };
		0EADF92C19E79F9200E1DE77 /* camera@2x~ipad.png */ = {isa = PBXFileReference; lastKnownFileType = image.png; path = "camera@2x~ipad.png"; sourceTree = "<group>"; };
		0EADF92D19E79F9200E1DE77 /* camera~ipad.png */ = {isa = PBXFileReference; lastKnownFileType = image.png; path = "camera~ipad.png"; sourceTree = "<group>"; };
		0EADF92E19E79F9200E1DE77 /* demo_room@2x~ipad.png */ = {isa = PBXFileReference; lastKnownFileType = image.png; path = "demo_room@2x~ipad.png"; sourceTree = "<group>"; };
		0EADF92F19E79F9200E1DE77 /* demo_room~ipad.png */ = {isa = PBXFileReference; lastKnownFileType = image.png; path = "demo_room~ipad.png"; sourceTree = "<group>"; };
		0EADF93019E79F9200E1DE77 /* dropdown_arrow@2x~ipad.png */ = {isa = PBXFileReference; lastKnownFileType = image.png; path = "dropdown_arrow@2x~ipad.png"; sourceTree = "<group>"; };
		0EADF93119E79F9200E1DE77 /* dropdown_arrow~ipad.png */ = {isa = PBXFileReference; lastKnownFileType = image.png; path = "dropdown_arrow~ipad.png"; sourceTree = "<group>"; };
		0EADF93219E79F9200E1DE77 /* navigation_background@2x~ipad.png */ = {isa = PBXFileReference; lastKnownFileType = image.png; path = "navigation_background@2x~ipad.png"; sourceTree = "<group>"; };
		0EADF93319E79F9200E1DE77 /* navigation_background~ipad.png */ = {isa = PBXFileReference; lastKnownFileType = image.png; path = "navigation_background~ipad.png"; sourceTree = "<group>"; };
		0EADF93419E79F9200E1DE77 /* setting@2x~ipad.png */ = {isa = PBXFileReference; lastKnownFileType = image.png; path = "setting@2x~ipad.png"; sourceTree = "<group>"; };
		0EADF93519E79F9200E1DE77 /* setting~ipad.png */ = {isa = PBXFileReference; lastKnownFileType = image.png; path = "setting~ipad.png"; sourceTree = "<group>"; };
		0EADF94219E7A3AF00E1DE77 /* sepratorline@2x~ipad.png */ = {isa = PBXFileReference; lastKnownFileType = image.png; path = "sepratorline@2x~ipad.png"; sourceTree = "<group>"; };
		0EADF94319E7A3AF00E1DE77 /* sepratorline~ipad.png */ = {isa = PBXFileReference; lastKnownFileType = image.png; path = "sepratorline~ipad.png"; sourceTree = "<group>"; };
		0EADF94619E7AD2A00E1DE77 /* EKN+UIImagePickerController.h */ = {isa = PBXFileReference; fileEncoding = 4; lastKnownFileType = sourcecode.c.h; path = "EKN+UIImagePickerController.h"; sourceTree = "<group>"; };
		0EADF94719E7AD2A00E1DE77 /* EKN+UIImagePickerController.m */ = {isa = PBXFileReference; fileEncoding = 4; lastKnownFileType = sourcecode.c.objc; path = "EKN+UIImagePickerController.m"; sourceTree = "<group>"; };
		0EADF94F19E7C2B900E1DE77 /* EKN+NavigationController.h */ = {isa = PBXFileReference; fileEncoding = 4; lastKnownFileType = sourcecode.c.h; path = "EKN+NavigationController.h"; sourceTree = "<group>"; };
		0EADF95019E7C2B900E1DE77 /* EKN+NavigationController.m */ = {isa = PBXFileReference; fileEncoding = 4; lastKnownFileType = sourcecode.c.objc; path = "EKN+NavigationController.m"; sourceTree = "<group>"; };
		0EADF95219E7C36E00E1DE77 /* EKN+UIViewController.h */ = {isa = PBXFileReference; fileEncoding = 4; lastKnownFileType = sourcecode.c.h; path = "EKN+UIViewController.h"; sourceTree = "<group>"; };
		0EADF95319E7C36E00E1DE77 /* EKN+UIViewController.m */ = {isa = PBXFileReference; fileEncoding = 4; lastKnownFileType = sourcecode.c.objc; path = "EKN+UIViewController.m"; sourceTree = "<group>"; };
		0EB26CDA19EB9EAF007172F5 /* before@2x~ipad.png */ = {isa = PBXFileReference; lastKnownFileType = image.png; path = "before@2x~ipad.png"; sourceTree = "<group>"; };
		0EB26CDB19EB9EB0007172F5 /* before~ipad.png */ = {isa = PBXFileReference; lastKnownFileType = image.png; path = "before~ipad.png"; sourceTree = "<group>"; };
		0EB26CDE19EBC0DA007172F5 /* seg2@2x~ipad.png */ = {isa = PBXFileReference; lastKnownFileType = image.png; path = "seg2@2x~ipad.png"; sourceTree = "<group>"; };
		0EB26CDF19EBC0DA007172F5 /* seg2~ipad.png */ = {isa = PBXFileReference; lastKnownFileType = image.png; path = "seg2~ipad.png"; sourceTree = "<group>"; };
		0EC4F5B619CFF2C600BEF583 /* EdKeyNote.app */ = {isa = PBXFileReference; explicitFileType = wrapper.application; includeInIndex = 0; path = EdKeyNote.app; sourceTree = BUILT_PRODUCTS_DIR; };
		0EC4F5B919CFF2C600BEF583 /* Foundation.framework */ = {isa = PBXFileReference; lastKnownFileType = wrapper.framework; name = Foundation.framework; path = System/Library/Frameworks/Foundation.framework; sourceTree = SDKROOT; };
		0EC4F5BB19CFF2C600BEF583 /* CoreGraphics.framework */ = {isa = PBXFileReference; lastKnownFileType = wrapper.framework; name = CoreGraphics.framework; path = System/Library/Frameworks/CoreGraphics.framework; sourceTree = SDKROOT; };
		0EC4F5BD19CFF2C600BEF583 /* UIKit.framework */ = {isa = PBXFileReference; lastKnownFileType = wrapper.framework; name = UIKit.framework; path = System/Library/Frameworks/UIKit.framework; sourceTree = SDKROOT; };
		0EC4F5C119CFF2C600BEF583 /* EdKeyNote-Info.plist */ = {isa = PBXFileReference; lastKnownFileType = text.plist.xml; path = "EdKeyNote-Info.plist"; sourceTree = "<group>"; };
		0EC4F5C319CFF2C600BEF583 /* en */ = {isa = PBXFileReference; lastKnownFileType = text.plist.strings; name = en; path = en.lproj/InfoPlist.strings; sourceTree = "<group>"; };
		0EC4F5C519CFF2C600BEF583 /* main.m */ = {isa = PBXFileReference; lastKnownFileType = sourcecode.c.objc; path = main.m; sourceTree = "<group>"; };
		0EC4F5C719CFF2C600BEF583 /* EdKeyNote-Prefix.pch */ = {isa = PBXFileReference; lastKnownFileType = sourcecode.c.h; path = "EdKeyNote-Prefix.pch"; sourceTree = "<group>"; };
		0EC4F5C819CFF2C600BEF583 /* EKNAppDelegate.h */ = {isa = PBXFileReference; lastKnownFileType = sourcecode.c.h; path = EKNAppDelegate.h; sourceTree = "<group>"; };
		0EC4F5C919CFF2C600BEF583 /* EKNAppDelegate.m */ = {isa = PBXFileReference; lastKnownFileType = sourcecode.c.objc; path = EKNAppDelegate.m; sourceTree = "<group>"; };
		0EC4F5CB19CFF2C600BEF583 /* Images.xcassets */ = {isa = PBXFileReference; lastKnownFileType = folder.assetcatalog; path = Images.xcassets; sourceTree = "<group>"; };
		0EC4F5E819CFF9FD00BEF583 /* EKNLoginViewController.h */ = {isa = PBXFileReference; fileEncoding = 4; lastKnownFileType = sourcecode.c.h; path = EKNLoginViewController.h; sourceTree = "<group>"; };
		0EC4F5E919CFF9FD00BEF583 /* EKNLoginViewController.m */ = {isa = PBXFileReference; fileEncoding = 4; lastKnownFileType = sourcecode.c.objc; path = EKNLoginViewController.m; sourceTree = "<group>"; };
		3006E1F119DA131B00557CE2 /* Settings.bundle */ = {isa = PBXFileReference; lastKnownFileType = "wrapper.plug-in"; name = Settings.bundle; path = EdKeyNote/Settings.bundle; sourceTree = "<group>"; };
		30A6876319DDD1D4000D46B7 /* libADALiOS.a */ = {isa = PBXFileReference; lastKnownFileType = archive.ar; name = libADALiOS.a; path = "../ADALiOS/build/Debug-iphoneos/libADALiOS.a"; sourceTree = "<group>"; };
		F360DE2019E7DAA400311CFC /* EKNCollectionViewCell.h */ = {isa = PBXFileReference; fileEncoding = 4; lastKnownFileType = sourcecode.c.h; path = EKNCollectionViewCell.h; sourceTree = "<group>"; };
		F360DE2119E7DAA400311CFC /* EKNCollectionViewCell.m */ = {isa = PBXFileReference; fileEncoding = 4; lastKnownFileType = sourcecode.c.objc; path = EKNCollectionViewCell.m; sourceTree = "<group>"; };
		F360DE2219E7DAA400311CFC /* EKNCollectionViewCell.xib */ = {isa = PBXFileReference; fileEncoding = 4; lastKnownFileType = file.xib; path = EKNCollectionViewCell.xib; sourceTree = "<group>"; };
		F3673A6B19ED2D5800C02B44 /* EKNIncidentViewController.h */ = {isa = PBXFileReference; fileEncoding = 4; lastKnownFileType = sourcecode.c.h; path = EKNIncidentViewController.h; sourceTree = "<group>"; };
		F3673A6C19ED2D5800C02B44 /* EKNIncidentViewController.m */ = {isa = PBXFileReference; fileEncoding = 4; lastKnownFileType = sourcecode.c.objc; path = EKNIncidentViewController.m; sourceTree = "<group>"; };
		F3673A7019ED2F2400C02B44 /* IncidentListItemCell.h */ = {isa = PBXFileReference; fileEncoding = 4; lastKnownFileType = sourcecode.c.h; path = IncidentListItemCell.h; sourceTree = "<group>"; };
		F3673A7119ED2F2400C02B44 /* IncidentListItemCell.m */ = {isa = PBXFileReference; fileEncoding = 4; lastKnownFileType = sourcecode.c.objc; path = IncidentListItemCell.m; sourceTree = "<group>"; };
		F3673A7219ED2F2400C02B44 /* IncidentListItemCell.xib */ = {isa = PBXFileReference; fileEncoding = 4; lastKnownFileType = file.xib; path = IncidentListItemCell.xib; sourceTree = "<group>"; };
		F370C4CE19F10461000E5FA0 /* camera_gray~ipad.png */ = {isa = PBXFileReference; lastKnownFileType = image.png; path = "camera_gray~ipad.png"; sourceTree = "<group>"; };
		F370C4CF19F10461000E5FA0 /* camera_gray@2x~ipad.png */ = {isa = PBXFileReference; lastKnownFileType = image.png; path = "camera_gray@2x~ipad.png"; sourceTree = "<group>"; };
		F3A1DF2719EF5D5700B9762B /* default~ipad.png */ = {isa = PBXFileReference; lastKnownFileType = image.png; path = "default~ipad.png"; sourceTree = "<group>"; };
		F3A1DF2919EFC00A00B9762B /* incident_detailtab~ipad.png */ = {isa = PBXFileReference; lastKnownFileType = image.png; path = "incident_detailtab~ipad.png"; sourceTree = "<group>"; };
		F3A1DF2A19EFC00A00B9762B /* incident_detailtab@2x~ipad.png */ = {isa = PBXFileReference; lastKnownFileType = image.png; path = "incident_detailtab@2x~ipad.png"; sourceTree = "<group>"; };
		F3A1DF2B19EFC00A00B9762B /* calendar~ipad.png */ = {isa = PBXFileReference; lastKnownFileType = image.png; path = "calendar~ipad.png"; sourceTree = "<group>"; };
		F3A1DF2C19EFC00A00B9762B /* calendar@2x~ipad.png */ = {isa = PBXFileReference; lastKnownFileType = image.png; path = "calendar@2x~ipad.png"; sourceTree = "<group>"; };
		F3A1DF2D19EFC00A00B9762B /* finalize_repair~ipad.png */ = {isa = PBXFileReference; lastKnownFileType = image.png; path = "finalize_repair~ipad.png"; sourceTree = "<group>"; };
		F3A1DF2E19EFC00A00B9762B /* finalize_repair@2x~ipad.png */ = {isa = PBXFileReference; lastKnownFileType = image.png; path = "finalize_repair@2x~ipad.png"; sourceTree = "<group>"; };
		F3D2B21A19E6349100069182 /* EKNRoomDetailsViewController.h */ = {isa = PBXFileReference; fileEncoding = 4; lastKnownFileType = sourcecode.c.h; path = EKNRoomDetailsViewController.h; sourceTree = "<group>"; };
		F3D2B21B19E6349100069182 /* EKNRoomDetailsViewController.m */ = {isa = PBXFileReference; fileEncoding = 4; lastKnownFileType = sourcecode.c.objc; path = EKNRoomDetailsViewController.m; sourceTree = "<group>"; };
		F3F94C6019E93D13001EB785 /* demo_rightroom6~ipad.png */ = {isa = PBXFileReference; lastKnownFileType = image.png; path = "demo_rightroom6~ipad.png"; sourceTree = "<group>"; };
		F3F94C6119E93D13001EB785 /* demo_rightroom5~ipad.png */ = {isa = PBXFileReference; lastKnownFileType = image.png; path = "demo_rightroom5~ipad.png"; sourceTree = "<group>"; };
		F3F94C6219E93D13001EB785 /* demo_rightroom4~ipad.png */ = {isa = PBXFileReference; lastKnownFileType = image.png; path = "demo_rightroom4~ipad.png"; sourceTree = "<group>"; };
		F3F94C6319E93D13001EB785 /* demo_rightroom3~ipad.png */ = {isa = PBXFileReference; lastKnownFileType = image.png; path = "demo_rightroom3~ipad.png"; sourceTree = "<group>"; };
		F3F94C6419E93D13001EB785 /* demo_rightroom1~ipad.png */ = {isa = PBXFileReference; lastKnownFileType = image.png; path = "demo_rightroom1~ipad.png"; sourceTree = "<group>"; };
		F3F94C6519E93D13001EB785 /* selected~ipad.png */ = {isa = PBXFileReference; lastKnownFileType = image.png; path = "selected~ipad.png"; sourceTree = "<group>"; };
		F3F94C6619E93D13001EB785 /* selected@2x~ipad.png */ = {isa = PBXFileReference; lastKnownFileType = image.png; path = "selected@2x~ipad.png"; sourceTree = "<group>"; };
		F3F94C6719E93D13001EB785 /* demo_room2~ipad.png */ = {isa = PBXFileReference; lastKnownFileType = image.png; path = "demo_room2~ipad.png"; sourceTree = "<group>"; };
		F3F94C6819E93D13001EB785 /* demo_room2@2x~ipad.png */ = {isa = PBXFileReference; lastKnownFileType = image.png; path = "demo_room2@2x~ipad.png"; sourceTree = "<group>"; };
		F3F94C6919E93D13001EB785 /* demo_room1~ipad.png */ = {isa = PBXFileReference; lastKnownFileType = image.png; path = "demo_room1~ipad.png"; sourceTree = "<group>"; };
		F3F94C6A19E93D13001EB785 /* demo_room1@2x~ipad.png */ = {isa = PBXFileReference; lastKnownFileType = image.png; path = "demo_room1@2x~ipad.png"; sourceTree = "<group>"; };
/* End PBXFileReference section */

/* Begin PBXFrameworksBuildPhase section */
		0EC4F5B319CFF2C600BEF583 /* Frameworks */ = {
			isa = PBXFrameworksBuildPhase;
			buildActionMask = 2147483647;
			files = (
				0E18390A19D2847A0049C71E /* liboffice365-exchange-sdk.a in Frameworks */,
				0E18378919D2692D0049C71E /* liboffice365-base-sdk.a in Frameworks */,
				0EC4F5BC19CFF2C600BEF583 /* CoreGraphics.framework in Frameworks */,
				0EC4F5BE19CFF2C600BEF583 /* UIKit.framework in Frameworks */,
				0EC4F5BA19CFF2C600BEF583 /* Foundation.framework in Frameworks */,
			);
			runOnlyForDeploymentPostprocessing = 0;
		};
/* End PBXFrameworksBuildPhase section */

/* Begin PBXGroup section */
		0EA20B1719E549BD007EBF6A /* Lists */ = {
			isa = PBXGroup;
			children = (
				0EA20B1819E549DB007EBF6A /* ListClient.h */,
				0EA20B1919E549DB007EBF6A /* ListClient.m */,
				0EA20B1A19E549DB007EBF6A /* ListItem.h */,
				0EA20B1B19E549DB007EBF6A /* ListItem.m */,
			);
			name = Lists;
			sourceTree = "<group>";
		};
		0EA2D9F219D8094400465DA2 /* ADALiOSBundle */ = {
			isa = PBXGroup;
			children = (
				0EA2D9F319D8094400465DA2 /* ADAL_iPad_Storyboard.storyboard */,
				0EA2D9F419D8094400465DA2 /* ADAL_iPhone_Storyboard.storyboard */,
				0EA2D9F519D8094400465DA2 /* ADALiOSBundle-Info.plist */,
				0EA2D9F619D8094400465DA2 /* ADALiOSBundle-Prefix.pch */,
				0EA2D9F719D8094400465DA2 /* InfoPlist.strings */,
			);
			name = ADALiOSBundle;
			path = EdKeyNote/ADALiOSBundle;
			sourceTree = "<group>";
		};
		0EADF92B19E79F9200E1DE77 /* Images */ = {
			isa = PBXGroup;
			children = (
				F370C4CE19F10461000E5FA0 /* camera_gray~ipad.png */,
				F370C4CF19F10461000E5FA0 /* camera_gray@2x~ipad.png */,
				F3A1DF2919EFC00A00B9762B /* incident_detailtab~ipad.png */,
				F3A1DF2A19EFC00A00B9762B /* incident_detailtab@2x~ipad.png */,
				F3A1DF2B19EFC00A00B9762B /* calendar~ipad.png */,
				F3A1DF2C19EFC00A00B9762B /* calendar@2x~ipad.png */,
				F3A1DF2D19EFC00A00B9762B /* finalize_repair~ipad.png */,
				F3A1DF2E19EFC00A00B9762B /* finalize_repair@2x~ipad.png */,
				F3A1DF2719EF5D5700B9762B /* default~ipad.png */,
				0EB26CDE19EBC0DA007172F5 /* seg2@2x~ipad.png */,
				0EB26CDF19EBC0DA007172F5 /* seg2~ipad.png */,
				0EB26CDA19EB9EAF007172F5 /* before@2x~ipad.png */,
				0EB26CDB19EB9EB0007172F5 /* before~ipad.png */,
				0E9D430219E98DDB00329A81 /* black@2x~ipad.png */,
				0E9D430319E98DDB00329A81 /* black~ipad.png */,
				0E9D430419E98DDB00329A81 /* email@2x~ipad.png */,
				0E9D430519E98DDB00329A81 /* email~ipad.png */,
				0E9D430619E98DDB00329A81 /* green@2x~ipad.png */,
				0E9D430719E98DDB00329A81 /* green~ipad.png */,
				0E9D430819E98DDB00329A81 /* plus@2x~ipad.png */,
				0E9D430919E98DDB00329A81 /* plus~ipad.png */,
				0E9D430A19E98DDB00329A81 /* red@2x~ipad.png */,
				0E9D430B19E98DDB00329A81 /* red~ipad.png */,
				0E9D430C19E98DDB00329A81 /* seg@2x~ipad.png */,
				0E9D430D19E98DDB00329A81 /* seg~ipad.png */,
				F3F94C6019E93D13001EB785 /* demo_rightroom6~ipad.png */,
				F3F94C6119E93D13001EB785 /* demo_rightroom5~ipad.png */,
				F3F94C6219E93D13001EB785 /* demo_rightroom4~ipad.png */,
				F3F94C6319E93D13001EB785 /* demo_rightroom3~ipad.png */,
				F3F94C6419E93D13001EB785 /* demo_rightroom1~ipad.png */,
				F3F94C6519E93D13001EB785 /* selected~ipad.png */,
				F3F94C6619E93D13001EB785 /* selected@2x~ipad.png */,
				F3F94C6719E93D13001EB785 /* demo_room2~ipad.png */,
				F3F94C6819E93D13001EB785 /* demo_room2@2x~ipad.png */,
				F3F94C6919E93D13001EB785 /* demo_room1~ipad.png */,
				F3F94C6A19E93D13001EB785 /* demo_room1@2x~ipad.png */,
				0E9D42C819E8FEFD00329A81 /* home@2x~ipad.png */,
				0E9D42C919E8FEFD00329A81 /* home~ipad.png */,
				0E9D42CA19E8FEFD00329A81 /* man@2x~ipad.png */,
				0E9D42CB19E8FEFD00329A81 /* man~ipad.png */,
				0E9D42BE19E8C6BF00329A81 /* detailsepartorline.png */,
				0EADF94219E7A3AF00E1DE77 /* sepratorline@2x~ipad.png */,
				0EADF94319E7A3AF00E1DE77 /* sepratorline~ipad.png */,
				0EADF92C19E79F9200E1DE77 /* camera@2x~ipad.png */,
				0EADF92D19E79F9200E1DE77 /* camera~ipad.png */,
				0EADF92E19E79F9200E1DE77 /* demo_room@2x~ipad.png */,
				0EADF92F19E79F9200E1DE77 /* demo_room~ipad.png */,
				0EADF93019E79F9200E1DE77 /* dropdown_arrow@2x~ipad.png */,
				0EADF93119E79F9200E1DE77 /* dropdown_arrow~ipad.png */,
				0EADF93219E79F9200E1DE77 /* navigation_background@2x~ipad.png */,
				0EADF93319E79F9200E1DE77 /* navigation_background~ipad.png */,
				0EADF93419E79F9200E1DE77 /* setting@2x~ipad.png */,
				0EADF93519E79F9200E1DE77 /* setting~ipad.png */,
			);
			path = Images;
			sourceTree = "<group>";
		};
		0EADF95519E7C48600E1DE77 /* UIViewControllerEX */ = {
			isa = PBXGroup;
			children = (
				0EADF95219E7C36E00E1DE77 /* EKN+UIViewController.h */,
				0EADF95319E7C36E00E1DE77 /* EKN+UIViewController.m */,
				0EADF94F19E7C2B900E1DE77 /* EKN+NavigationController.h */,
				0EADF95019E7C2B900E1DE77 /* EKN+NavigationController.m */,
				0EADF94619E7AD2A00E1DE77 /* EKN+UIImagePickerController.h */,
				0EADF94719E7AD2A00E1DE77 /* EKN+UIImagePickerController.m */,
			);
			name = UIViewControllerEX;
			sourceTree = "<group>";
		};
		0EC4F5AD19CFF2C600BEF583 = {
			isa = PBXGroup;
			children = (
				3006E1F119DA131B00557CE2 /* Settings.bundle */,
				0EA2D9F219D8094400465DA2 /* ADALiOSBundle */,
				0EC4F5BF19CFF2C600BEF583 /* EdKeyNote */,
				0EC4F5B819CFF2C600BEF583 /* Frameworks */,
				0EC4F5B719CFF2C600BEF583 /* Products */,
			);
			sourceTree = "<group>";
		};
		0EC4F5B719CFF2C600BEF583 /* Products */ = {
			isa = PBXGroup;
			children = (
				0EC4F5B619CFF2C600BEF583 /* EdKeyNote.app */,
			);
			name = Products;
			sourceTree = "<group>";
		};
		0EC4F5B819CFF2C600BEF583 /* Frameworks */ = {
			isa = PBXGroup;
			children = (
				30A6876319DDD1D4000D46B7 /* libADALiOS.a */,
				0E18390919D2847A0049C71E /* liboffice365-exchange-sdk.a */,
				0E18378619D2692D0049C71E /* liboffice365-base-sdk.a */,
				0EC4F5B919CFF2C600BEF583 /* Foundation.framework */,
				0EC4F5BB19CFF2C600BEF583 /* CoreGraphics.framework */,
				0EC4F5BD19CFF2C600BEF583 /* UIKit.framework */,
			);
			name = Frameworks;
			sourceTree = "<group>";
		};
		0EC4F5BF19CFF2C600BEF583 /* EdKeyNote */ = {
			isa = PBXGroup;
			children = (
				F3673A6E19ED2D6C00C02B44 /* Incident Detail Page */,
				F3673A6A19ED2D1700C02B44 /* Incident Page */,
				0EADF95519E7C48600E1DE77 /* UIViewControllerEX */,
				F3D2B21919E633D800069182 /* Room Detail page */,
				0EA20B1719E549BD007EBF6A /* Lists */,
				0EC4F5C819CFF2C600BEF583 /* EKNAppDelegate.h */,
				0EC4F5C919CFF2C600BEF583 /* EKNAppDelegate.m */,
				0EC4F5E819CFF9FD00BEF583 /* EKNLoginViewController.h */,
				0EC4F5E919CFF9FD00BEF583 /* EKNLoginViewController.m */,
				0E18390D19D2A7FA0049C71E /* EKNEKNGlobalInfo.h */,
				0E18390E19D2A7FA0049C71E /* EKNEKNGlobalInfo.m */,
				0EC4F5CB19CFF2C600BEF583 /* Images.xcassets */,
				0EC4F5C019CFF2C600BEF583 /* Supporting Files */,
			);
			path = EdKeyNote;
			sourceTree = "<group>";
		};
		0EC4F5C019CFF2C600BEF583 /* Supporting Files */ = {
			isa = PBXGroup;
			children = (
				0EADF92B19E79F9200E1DE77 /* Images */,
				0EC4F5C119CFF2C600BEF583 /* EdKeyNote-Info.plist */,
				0EC4F5C219CFF2C600BEF583 /* InfoPlist.strings */,
				0EC4F5C519CFF2C600BEF583 /* main.m */,
				0EC4F5C719CFF2C600BEF583 /* EdKeyNote-Prefix.pch */,
			);
			name = "Supporting Files";
			sourceTree = "<group>";
		};
		F3673A6A19ED2D1700C02B44 /* Incident Page */ = {
			isa = PBXGroup;
			children = (
				F3673A6F19ED2ED400C02B44 /* IncidentCell */,
				F3673A6B19ED2D5800C02B44 /* EKNIncidentViewController.h */,
				F3673A6C19ED2D5800C02B44 /* EKNIncidentViewController.m */,
			);
			name = "Incident Page";
			sourceTree = "<group>";
		};
		F3673A6E19ED2D6C00C02B44 /* Incident Detail Page */ = {
			isa = PBXGroup;
			children = (
			);
			name = "Incident Detail Page";
			sourceTree = "<group>";
		};
		F3673A6F19ED2ED400C02B44 /* IncidentCell */ = {
			isa = PBXGroup;
			children = (
				F360DE2019E7DAA400311CFC /* EKNCollectionViewCell.h */,
				F360DE2119E7DAA400311CFC /* EKNCollectionViewCell.m */,
				F360DE2219E7DAA400311CFC /* EKNCollectionViewCell.xib */,
				0E9D42C519E8F22200329A81 /* PropertyDetailsImage.h */,
				0E9D42C619E8F22200329A81 /* PropertyDetailsImage.m */,
				0E9D42C319E8D72700329A81 /* PropertyDetailsImage.xib */,
				0E9D42D419E939AF00329A81 /* PropertyDetailsCell.xib */,
				0E9D42C019E8CB7500329A81 /* PropertyDetailsCell.h */,
				0E9D42C119E8CB7500329A81 /* PropertyDetailsCell.m */,
				0E9D42F819E98D5600329A81 /* ContactOwnerCell.h */,
				0E9D42F919E98D5600329A81 /* ContactOwnerCell.m */,
				0E9D42FA19E98D5600329A81 /* ContactOwnerCell.xib */,
				F3673A7019ED2F2400C02B44 /* IncidentListItemCell.h */,
				F3673A7119ED2F2400C02B44 /* IncidentListItemCell.m */,
				F3673A7219ED2F2400C02B44 /* IncidentListItemCell.xib */,
			);
			name = IncidentCell;
			sourceTree = "<group>";
		};
		F3D2B21919E633D800069182 /* Room Detail page */ = {
			isa = PBXGroup;
			children = (
				F3D2B21A19E6349100069182 /* EKNRoomDetailsViewController.h */,
				F3D2B21B19E6349100069182 /* EKNRoomDetailsViewController.m */,
			);
			name = "Room Detail page";
			sourceTree = "<group>";
		};
/* End PBXGroup section */

/* Begin PBXNativeTarget section */
		0EC4F5B519CFF2C600BEF583 /* EdKeyNote */ = {
			isa = PBXNativeTarget;
			buildConfigurationList = 0EC4F5E219CFF2C600BEF583 /* Build configuration list for PBXNativeTarget "EdKeyNote" */;
			buildPhases = (
				0EC4F5B219CFF2C600BEF583 /* Sources */,
				0EC4F5B319CFF2C600BEF583 /* Frameworks */,
				0EC4F5B419CFF2C600BEF583 /* Resources */,
			);
			buildRules = (
			);
			dependencies = (
			);
			name = EdKeyNote;
			productName = EdKeyNote;
			productReference = 0EC4F5B619CFF2C600BEF583 /* EdKeyNote.app */;
			productType = "com.apple.product-type.application";
		};
/* End PBXNativeTarget section */

/* Begin PBXProject section */
		0EC4F5AE19CFF2C600BEF583 /* Project object */ = {
			isa = PBXProject;
			attributes = {
				CLASSPREFIX = EKN;
				LastUpgradeCheck = 0510;
				ORGANIZATIONNAME = canviz;
				TargetAttributes = {
					0EC4F5B519CFF2C600BEF583 = {
						DevelopmentTeam = 259SG943ZS;
					};
				};
			};
			buildConfigurationList = 0EC4F5B119CFF2C600BEF583 /* Build configuration list for PBXProject "EdKeyNote" */;
			compatibilityVersion = "Xcode 3.2";
			developmentRegion = English;
			hasScannedForEncodings = 0;
			knownRegions = (
				en,
				Base,
			);
			mainGroup = 0EC4F5AD19CFF2C600BEF583;
			productRefGroup = 0EC4F5B719CFF2C600BEF583 /* Products */;
			projectDirPath = "";
			projectRoot = "";
			targets = (
				0EC4F5B519CFF2C600BEF583 /* EdKeyNote */,
			);
		};
/* End PBXProject section */

/* Begin PBXResourcesBuildPhase section */
		0EC4F5B419CFF2C600BEF583 /* Resources */ = {
			isa = PBXResourcesBuildPhase;
			buildActionMask = 2147483647;
			files = (
				0EB26CDC19EB9EB0007172F5 /* before@2x~ipad.png in Resources */,
				0E9D431519E98DDB00329A81 /* plus~ipad.png in Resources */,
				0EA2D9FA19D8094400465DA2 /* ADAL_iPhone_Storyboard.storyboard in Resources */,
				0E9D42BF19E8C6BF00329A81 /* detailsepartorline.png in Resources */,
				F3F94C7019E93D13001EB785 /* selected~ipad.png in Resources */,
				0E9D42CE19E8FEFD00329A81 /* man@2x~ipad.png in Resources */,
				0EADF93B19E79F9200E1DE77 /* dropdown_arrow~ipad.png in Resources */,
				0E9D431219E98DDB00329A81 /* green@2x~ipad.png in Resources */,
				F370C4D119F10461000E5FA0 /* camera_gray@2x~ipad.png in Resources */,
				0EADF93919E79F9200E1DE77 /* demo_room~ipad.png in Resources */,
				F3F94C6C19E93D13001EB785 /* demo_rightroom5~ipad.png in Resources */,
				0EA2D9FC19D8094400465DA2 /* InfoPlist.strings in Resources */,
				0E9D42CD19E8FEFD00329A81 /* home~ipad.png in Resources */,
				0E9D42D519E939AF00329A81 /* PropertyDetailsCell.xib in Resources */,
				F3A1DF2F19EFC00A00B9762B /* incident_detailtab~ipad.png in Resources */,
				0EA2D9F919D8094400465DA2 /* ADAL_iPad_Storyboard.storyboard in Resources */,
				F3A1DF3419EFC00A00B9762B /* finalize_repair@2x~ipad.png in Resources */,
				0EADF94419E7A3AF00E1DE77 /* sepratorline@2x~ipad.png in Resources */,
				F3A1DF3019EFC00A00B9762B /* incident_detailtab@2x~ipad.png in Resources */,
				0E9D431419E98DDB00329A81 /* plus@2x~ipad.png in Resources */,
				0E9D431819E98DDB00329A81 /* seg@2x~ipad.png in Resources */,
				0E9D431919E98DDB00329A81 /* seg~ipad.png in Resources */,
				0E9D42C419E8D72700329A81 /* PropertyDetailsImage.xib in Resources */,
				0EA2D9FB19D8094400465DA2 /* ADALiOSBundle-Info.plist in Resources */,
				0E9D431619E98DDB00329A81 /* red@2x~ipad.png in Resources */,
				F3A1DF3319EFC00A00B9762B /* finalize_repair~ipad.png in Resources */,
				0E9D42CF19E8FEFD00329A81 /* man~ipad.png in Resources */,
				0EADF93D19E79F9200E1DE77 /* navigation_background~ipad.png in Resources */,
				0EADF93619E79F9200E1DE77 /* camera@2x~ipad.png in Resources */,
				F3F94C7419E93D13001EB785 /* demo_room1~ipad.png in Resources */,
				0E9D42FF19E98D5600329A81 /* ContactOwnerCell.xib in Resources */,
				F370C4D019F10461000E5FA0 /* camera_gray~ipad.png in Resources */,
				0EB26CE019EBC0DA007172F5 /* seg2@2x~ipad.png in Resources */,
				0EADF93719E79F9200E1DE77 /* camera~ipad.png in Resources */,
				0EC4F5C419CFF2C600BEF583 /* InfoPlist.strings in Resources */,
				F3F94C7319E93D13001EB785 /* demo_room2@2x~ipad.png in Resources */,
				F360DE2419E7DAA400311CFC /* EKNCollectionViewCell.xib in Resources */,
				0EADF93E19E79F9200E1DE77 /* setting@2x~ipad.png in Resources */,
				F3F94C7119E93D13001EB785 /* selected@2x~ipad.png in Resources */,
				F3F94C6F19E93D13001EB785 /* demo_rightroom1~ipad.png in Resources */,
				0E9D431019E98DDB00329A81 /* email@2x~ipad.png in Resources */,
				0EB26CE119EBC0DA007172F5 /* seg2~ipad.png in Resources */,
				0E9D430F19E98DDB00329A81 /* black~ipad.png in Resources */,
				0E9D431319E98DDB00329A81 /* green~ipad.png in Resources */,
				F3F94C6E19E93D13001EB785 /* demo_rightroom3~ipad.png in Resources */,
				F3A1DF3219EFC00A00B9762B /* calendar@2x~ipad.png in Resources */,
				0EADF93819E79F9200E1DE77 /* demo_room@2x~ipad.png in Resources */,
				0EADF93F19E79F9200E1DE77 /* setting~ipad.png in Resources */,
				0EC4F5CC19CFF2C600BEF583 /* Images.xcassets in Resources */,
				F3A1DF2819EF5D5700B9762B /* default~ipad.png in Resources */,
				0EADF93C19E79F9200E1DE77 /* navigation_background@2x~ipad.png in Resources */,
				0EADF93A19E79F9200E1DE77 /* dropdown_arrow@2x~ipad.png in Resources */,
				F3F94C6D19E93D13001EB785 /* demo_rightroom4~ipad.png in Resources */,
				0E9D430E19E98DDB00329A81 /* black@2x~ipad.png in Resources */,
				F3F94C7519E93D13001EB785 /* demo_room1@2x~ipad.png in Resources */,
				0EADF94519E7A3AF00E1DE77 /* sepratorline~ipad.png in Resources */,
				0E9D431119E98DDB00329A81 /* email~ipad.png in Resources */,
				0EB26CDD19EB9EB0007172F5 /* before~ipad.png in Resources */,
				0E9D431719E98DDB00329A81 /* red~ipad.png in Resources */,
				F3A1DF3119EFC00A00B9762B /* calendar~ipad.png in Resources */,
				3006E1F219DA131B00557CE2 /* Settings.bundle in Resources */,
				F3F94C6B19E93D13001EB785 /* demo_rightroom6~ipad.png in Resources */,
				F3F94C7219E93D13001EB785 /* demo_room2~ipad.png in Resources */,
				F3673A7419ED2F2400C02B44 /* IncidentListItemCell.xib in Resources */,
				0E9D42CC19E8FEFD00329A81 /* home@2x~ipad.png in Resources */,
			);
			runOnlyForDeploymentPostprocessing = 0;
		};
/* End PBXResourcesBuildPhase section */

/* Begin PBXSourcesBuildPhase section */
		0EC4F5B219CFF2C600BEF583 /* Sources */ = {
			isa = PBXSourcesBuildPhase;
			buildActionMask = 2147483647;
			files = (
				0EADF94819E7AD2A00E1DE77 /* EKN+UIImagePickerController.m in Sources */,
				0E9D42C219E8CB7500329A81 /* PropertyDetailsCell.m in Sources */,
				0EADF95119E7C2B900E1DE77 /* EKN+NavigationController.m in Sources */,
				F3673A7319ED2F2400C02B44 /* IncidentListItemCell.m in Sources */,
				0E9D42FE19E98D5600329A81 /* ContactOwnerCell.m in Sources */,
				0EC4F5EA19CFF9FD00BEF583 /* EKNLoginViewController.m in Sources */,
				F3D2B21C19E6349100069182 /* EKNRoomDetailsViewController.m in Sources */,
				0EADF95419E7C36E00E1DE77 /* EKN+UIViewController.m in Sources */,
				0EC4F5C619CFF2C600BEF583 /* main.m in Sources */,
				F3673A6D19ED2D5800C02B44 /* EKNIncidentViewController.m in Sources */,
				F360DE2319E7DAA400311CFC /* EKNCollectionViewCell.m in Sources */,
				0EA20B1C19E549DB007EBF6A /* ListClient.m in Sources */,
				0E18390F19D2A7FA0049C71E /* EKNEKNGlobalInfo.m in Sources */,
				0EA20B1D19E549DB007EBF6A /* ListItem.m in Sources */,
				0E9D42C719E8F22200329A81 /* PropertyDetailsImage.m in Sources */,
				0EC4F5CA19CFF2C600BEF583 /* EKNAppDelegate.m in Sources */,
			);
			runOnlyForDeploymentPostprocessing = 0;
		};
/* End PBXSourcesBuildPhase section */

/* Begin PBXVariantGroup section */
		0EA2D9F719D8094400465DA2 /* InfoPlist.strings */ = {
			isa = PBXVariantGroup;
			children = (
				0EA2D9F819D8094400465DA2 /* en */,
			);
			name = InfoPlist.strings;
			sourceTree = "<group>";
		};
		0EC4F5C219CFF2C600BEF583 /* InfoPlist.strings */ = {
			isa = PBXVariantGroup;
			children = (
				0EC4F5C319CFF2C600BEF583 /* en */,
			);
			name = InfoPlist.strings;
			sourceTree = "<group>";
		};
/* End PBXVariantGroup section */

/* Begin XCBuildConfiguration section */
		0EC4F5E019CFF2C600BEF583 /* Debug */ = {
			isa = XCBuildConfiguration;
			buildSettings = {
				ALWAYS_SEARCH_USER_PATHS = NO;
				CLANG_CXX_LANGUAGE_STANDARD = "gnu++0x";
				CLANG_CXX_LIBRARY = "libc++";
				CLANG_ENABLE_MODULES = YES;
				CLANG_ENABLE_OBJC_ARC = YES;
				CLANG_WARN_BOOL_CONVERSION = YES;
				CLANG_WARN_CONSTANT_CONVERSION = YES;
				CLANG_WARN_DIRECT_OBJC_ISA_USAGE = YES_ERROR;
				CLANG_WARN_EMPTY_BODY = YES;
				CLANG_WARN_ENUM_CONVERSION = YES;
				CLANG_WARN_INT_CONVERSION = YES;
				CLANG_WARN_OBJC_ROOT_CLASS = YES_ERROR;
				CLANG_WARN__DUPLICATE_METHOD_MATCH = YES;
				"CODE_SIGN_IDENTITY[sdk=iphoneos*]" = "iPhone Developer";
				COPY_PHASE_STRIP = NO;
				GCC_C_LANGUAGE_STANDARD = gnu99;
				GCC_DYNAMIC_NO_PIC = NO;
				GCC_OPTIMIZATION_LEVEL = 0;
				GCC_PREPROCESSOR_DEFINITIONS = (
					"DEBUG=1",
					"$(inherited)",
				);
				GCC_SYMBOLS_PRIVATE_EXTERN = NO;
				GCC_WARN_64_TO_32_BIT_CONVERSION = YES;
				GCC_WARN_ABOUT_RETURN_TYPE = YES_ERROR;
				GCC_WARN_UNDECLARED_SELECTOR = YES;
				GCC_WARN_UNINITIALIZED_AUTOS = YES_AGGRESSIVE;
				GCC_WARN_UNUSED_FUNCTION = YES;
				GCC_WARN_UNUSED_VARIABLE = YES;
				IPHONEOS_DEPLOYMENT_TARGET = 7.0;
				ONLY_ACTIVE_ARCH = YES;
				SDKROOT = iphoneos;
				TARGETED_DEVICE_FAMILY = 2;
			};
			name = Debug;
		};
		0EC4F5E119CFF2C600BEF583 /* Release */ = {
			isa = XCBuildConfiguration;
			buildSettings = {
				ALWAYS_SEARCH_USER_PATHS = NO;
				CLANG_CXX_LANGUAGE_STANDARD = "gnu++0x";
				CLANG_CXX_LIBRARY = "libc++";
				CLANG_ENABLE_MODULES = YES;
				CLANG_ENABLE_OBJC_ARC = YES;
				CLANG_WARN_BOOL_CONVERSION = YES;
				CLANG_WARN_CONSTANT_CONVERSION = YES;
				CLANG_WARN_DIRECT_OBJC_ISA_USAGE = YES_ERROR;
				CLANG_WARN_EMPTY_BODY = YES;
				CLANG_WARN_ENUM_CONVERSION = YES;
				CLANG_WARN_INT_CONVERSION = YES;
				CLANG_WARN_OBJC_ROOT_CLASS = YES_ERROR;
				CLANG_WARN__DUPLICATE_METHOD_MATCH = YES;
				"CODE_SIGN_IDENTITY[sdk=iphoneos*]" = "iPhone Developer";
				COPY_PHASE_STRIP = YES;
				ENABLE_NS_ASSERTIONS = NO;
				GCC_C_LANGUAGE_STANDARD = gnu99;
				GCC_WARN_64_TO_32_BIT_CONVERSION = YES;
				GCC_WARN_ABOUT_RETURN_TYPE = YES_ERROR;
				GCC_WARN_UNDECLARED_SELECTOR = YES;
				GCC_WARN_UNINITIALIZED_AUTOS = YES_AGGRESSIVE;
				GCC_WARN_UNUSED_FUNCTION = YES;
				GCC_WARN_UNUSED_VARIABLE = YES;
				IPHONEOS_DEPLOYMENT_TARGET = 7.0;
				SDKROOT = iphoneos;
				TARGETED_DEVICE_FAMILY = 2;
				VALIDATE_PRODUCT = YES;
			};
			name = Release;
		};
		0EC4F5E319CFF2C600BEF583 /* Debug */ = {
			isa = XCBuildConfiguration;
			buildSettings = {
				ASSETCATALOG_COMPILER_APPICON_NAME = AppIcon;
				ASSETCATALOG_COMPILER_LAUNCHIMAGE_NAME = LaunchImage;
				CODE_SIGN_IDENTITY = "iPhone Developer: Canviz Mobile (DX2Q3M4YS3)";
				"CODE_SIGN_IDENTITY[sdk=iphoneos*]" = "iPhone Developer: Canviz Mobile (DX2Q3M4YS3)";
				GCC_PRECOMPILE_PREFIX_HEADER = YES;
				GCC_PREFIX_HEADER = "EdKeyNote/EdKeyNote-Prefix.pch";
				HEADER_SEARCH_PATHS = (
					"$(inherited)",
					/Applications/Xcode.app/Contents/Developer/Toolchains/XcodeDefault.xctoolchain/usr/include,
				);
				INFOPLIST_FILE = "EdKeyNote/EdKeyNote-Info.plist";
				IPHONEOS_DEPLOYMENT_TARGET = 7.0;
				LIBRARY_SEARCH_PATHS = (
					"$(inherited)",
					"/Users/tbag/Documents/Repos/Property-Inspection-Code-Sample/iOSNativeiPadApp/EdKeyNote/**",
					"$(PROJECT_DIR)/MapControl",
				);
				OTHER_LDFLAGS = "-ObjC";
				PRODUCT_NAME = "$(TARGET_NAME)";
				PROVISIONING_PROFILE = "";
				SDKROOT = iphoneos8.0;
				TARGETED_DEVICE_FAMILY = 2;
				WRAPPER_EXTENSION = app;
			};
			name = Debug;
		};
		0EC4F5E419CFF2C600BEF583 /* Release */ = {
			isa = XCBuildConfiguration;
			buildSettings = {
				ASSETCATALOG_COMPILER_APPICON_NAME = AppIcon;
				ASSETCATALOG_COMPILER_LAUNCHIMAGE_NAME = LaunchImage;
				CODE_SIGN_IDENTITY = "iPhone Developer: Canviz Mobile (DX2Q3M4YS3)";
				"CODE_SIGN_IDENTITY[sdk=iphoneos*]" = "iPhone Developer: Canviz Mobile (DX2Q3M4YS3)";
				GCC_PRECOMPILE_PREFIX_HEADER = YES;
				GCC_PREFIX_HEADER = "EdKeyNote/EdKeyNote-Prefix.pch";
				HEADER_SEARCH_PATHS = (
					"$(inherited)",
					/Applications/Xcode.app/Contents/Developer/Toolchains/XcodeDefault.xctoolchain/usr/include,
				);
				INFOPLIST_FILE = "EdKeyNote/EdKeyNote-Info.plist";
				IPHONEOS_DEPLOYMENT_TARGET = 7.0;
				LIBRARY_SEARCH_PATHS = (
					"$(inherited)",
					"/Users/tbag/Documents/Repos/Property-Inspection-Code-Sample/iOSNativeiPadApp/EdKeyNote/**",
					"$(PROJECT_DIR)/MapControl",
				);
				OTHER_LDFLAGS = "-ObjC";
				PRODUCT_NAME = "$(TARGET_NAME)";
				PROVISIONING_PROFILE = "";
				SDKROOT = iphoneos8.0;
				TARGETED_DEVICE_FAMILY = 2;
				WRAPPER_EXTENSION = app;
			};
			name = Release;
		};
/* End XCBuildConfiguration section */

/* Begin XCConfigurationList section */
		0EC4F5B119CFF2C600BEF583 /* Build configuration list for PBXProject "EdKeyNote" */ = {
			isa = XCConfigurationList;
			buildConfigurations = (
				0EC4F5E019CFF2C600BEF583 /* Debug */,
				0EC4F5E119CFF2C600BEF583 /* Release */,
			);
			defaultConfigurationIsVisible = 0;
			defaultConfigurationName = Release;
		};
		0EC4F5E219CFF2C600BEF583 /* Build configuration list for PBXNativeTarget "EdKeyNote" */ = {
			isa = XCConfigurationList;
			buildConfigurations = (
				0EC4F5E319CFF2C600BEF583 /* Debug */,
				0EC4F5E419CFF2C600BEF583 /* Release */,
			);
			defaultConfigurationIsVisible = 0;
			defaultConfigurationName = Release;
		};
/* End XCConfigurationList section */
	};
	rootObject = 0EC4F5AE19CFF2C600BEF583 /* Project object */;
}
