// !$*UTF8*$!
{
	archiveVersion = 1;
	classes = {
	};
	objectVersion = 46;
	objects = {

/* Begin PBXBuildFile section */
		0EC4F5BA19CFF2C600BEF583 /* Foundation.framework in Frameworks */ = {isa = PBXBuildFile; fileRef = 0EC4F5B919CFF2C600BEF583 /* Foundation.framework */; };
		0EC4F5BC19CFF2C600BEF583 /* CoreGraphics.framework in Frameworks */ = {isa = PBXBuildFile; fileRef = 0EC4F5BB19CFF2C600BEF583 /* CoreGraphics.framework */; };
		0EC4F5BE19CFF2C600BEF583 /* UIKit.framework in Frameworks */ = {isa = PBXBuildFile; fileRef = 0EC4F5BD19CFF2C600BEF583 /* UIKit.framework */; };
		F31EFD9719FF895A005B04BD /* BaseController.m in Sources */ = {isa = PBXBuildFile; fileRef = F31EFD9619FF895A005B04BD /* BaseController.m */; };
		F31EFD9919FF8BE4005B04BD /* libPods-Office365.a in Frameworks */ = {isa = PBXBuildFile; fileRef = F31EFD9819FF8BE4005B04BD /* libPods-Office365.a */; };
		F31EFD9B19FF8D0F005B04BD /* libPods-ADALiOS.a in Frameworks */ = {isa = PBXBuildFile; fileRef = F31EFD9A19FF8D0F005B04BD /* libPods-ADALiOS.a */; };
		F31EFD9D19FF8D17005B04BD /* libPods.a in Frameworks */ = {isa = PBXBuildFile; fileRef = F31EFD9C19FF8D17005B04BD /* libPods.a */; };
		F37943E819FA2B5E00FDD9A3 /* Settings.bundle in Resources */ = {isa = PBXBuildFile; fileRef = F37943E719FA2B5E00FDD9A3 /* Settings.bundle */; };
		F37943F019FA2B7100FDD9A3 /* ADAL_iPad_Storyboard.storyboard in Resources */ = {isa = PBXBuildFile; fileRef = F37943E919FA2B7100FDD9A3 /* ADAL_iPad_Storyboard.storyboard */; };
		F37943F119FA2B7100FDD9A3 /* ADAL_iPhone_Storyboard.storyboard in Resources */ = {isa = PBXBuildFile; fileRef = F37943EA19FA2B7100FDD9A3 /* ADAL_iPhone_Storyboard.storyboard */; };
		F37943F219FA2B7100FDD9A3 /* ADALiOSBundle-Info.plist in Resources */ = {isa = PBXBuildFile; fileRef = F37943EB19FA2B7100FDD9A3 /* ADALiOSBundle-Info.plist */; };
		F37943F619FA2C0F00FDD9A3 /* InfoPlist.strings in Resources */ = {isa = PBXBuildFile; fileRef = F37943F419FA2C0F00FDD9A3 /* InfoPlist.strings */; };
		F37943FD19FA2C6200FDD9A3 /* IncidentListItemCell.m in Sources */ = {isa = PBXBuildFile; fileRef = F37943F819FA2C6200FDD9A3 /* IncidentListItemCell.m */; };
		F37943FE19FA2C6200FDD9A3 /* IncidentListItemCell.xib in Resources */ = {isa = PBXBuildFile; fileRef = F37943F919FA2C6200FDD9A3 /* IncidentListItemCell.xib */; };
		F379440719FA2CA000FDD9A3 /* PropertyDetailsCell.m in Sources */ = {isa = PBXBuildFile; fileRef = F379440219FA2CA000FDD9A3 /* PropertyDetailsCell.m */; };
		F379440819FA2CA000FDD9A3 /* PropertyDetailsCell.xib in Resources */ = {isa = PBXBuildFile; fileRef = F379440319FA2CA000FDD9A3 /* PropertyDetailsCell.xib */; };
		F379440919FA2CA000FDD9A3 /* PropertyDetailsImage.m in Sources */ = {isa = PBXBuildFile; fileRef = F379440519FA2CA000FDD9A3 /* PropertyDetailsImage.m */; };
		F379440A19FA2CA000FDD9A3 /* PropertyDetailsImage.xib in Resources */ = {isa = PBXBuildFile; fileRef = F379440619FA2CA000FDD9A3 /* PropertyDetailsImage.xib */; };
		F379440E19FA2CB300FDD9A3 /* EKNCollectionViewCell.m in Sources */ = {isa = PBXBuildFile; fileRef = F379440C19FA2CB300FDD9A3 /* EKNCollectionViewCell.m */; };
		F379440F19FA2CB300FDD9A3 /* EKNCollectionViewCell.xib in Resources */ = {isa = PBXBuildFile; fileRef = F379440D19FA2CB300FDD9A3 /* EKNCollectionViewCell.xib */; };
		F379441319FA2CE000FDD9A3 /* ContactOwnerCell.m in Sources */ = {isa = PBXBuildFile; fileRef = F379441119FA2CE000FDD9A3 /* ContactOwnerCell.m */; };
		F379441419FA2CE000FDD9A3 /* ContactOwnerCell.xib in Resources */ = {isa = PBXBuildFile; fileRef = F379441219FA2CE000FDD9A3 /* ContactOwnerCell.xib */; };
		F379441719FA2D4700FDD9A3 /* EKNIncidentViewController.m in Sources */ = {isa = PBXBuildFile; fileRef = F379441619FA2D4700FDD9A3 /* EKNIncidentViewController.m */; };
		F379441E19FA2D7900FDD9A3 /* EKN+NavigationController.m in Sources */ = {isa = PBXBuildFile; fileRef = F379441919FA2D7900FDD9A3 /* EKN+NavigationController.m */; };
		F379441F19FA2D7900FDD9A3 /* EKN+UIImagePickerController.m in Sources */ = {isa = PBXBuildFile; fileRef = F379441B19FA2D7900FDD9A3 /* EKN+UIImagePickerController.m */; };
		F379442019FA2D7900FDD9A3 /* EKN+UIViewController.m in Sources */ = {isa = PBXBuildFile; fileRef = F379441D19FA2D7900FDD9A3 /* EKN+UIViewController.m */; };
		F379442519FA2D8E00FDD9A3 /* EKNListClient.m in Sources */ = {isa = PBXBuildFile; fileRef = F379442219FA2D8E00FDD9A3 /* EKNListClient.m */; };
		F379442619FA2D8E00FDD9A3 /* EKNListItem.m in Sources */ = {isa = PBXBuildFile; fileRef = F379442419FA2D8E00FDD9A3 /* EKNListItem.m */; };
		F379442D19FA2DAA00FDD9A3 /* EKNAppDelegate.m in Sources */ = {isa = PBXBuildFile; fileRef = F379442819FA2DAA00FDD9A3 /* EKNAppDelegate.m */; };
		F379442E19FA2DAA00FDD9A3 /* EKNEKNGlobalInfo.m in Sources */ = {isa = PBXBuildFile; fileRef = F379442A19FA2DAA00FDD9A3 /* EKNEKNGlobalInfo.m */; };
		F379442F19FA2DAA00FDD9A3 /* EKNLoginViewController.m in Sources */ = {isa = PBXBuildFile; fileRef = F379442C19FA2DAA00FDD9A3 /* EKNLoginViewController.m */; };
		F379443119FA2DCC00FDD9A3 /* Images.xcassets in Resources */ = {isa = PBXBuildFile; fileRef = F379443019FA2DCC00FDD9A3 /* Images.xcassets */; };
		F379446A19FA2DF200FDD9A3 /* before@2x~ipad.png in Resources */ = {isa = PBXBuildFile; fileRef = F379443319FA2DF200FDD9A3 /* before@2x~ipad.png */; };
		F379446B19FA2DF200FDD9A3 /* before~ipad.png in Resources */ = {isa = PBXBuildFile; fileRef = F379443419FA2DF200FDD9A3 /* before~ipad.png */; };
		F379446E19FA2DF200FDD9A3 /* calendar@2x~ipad.png in Resources */ = {isa = PBXBuildFile; fileRef = F379443719FA2DF200FDD9A3 /* calendar@2x~ipad.png */; };
		F379446F19FA2DF200FDD9A3 /* calendar~ipad.png in Resources */ = {isa = PBXBuildFile; fileRef = F379443819FA2DF200FDD9A3 /* calendar~ipad.png */; };
		F379447019FA2DF200FDD9A3 /* camera@2x~ipad.png in Resources */ = {isa = PBXBuildFile; fileRef = F379443919FA2DF200FDD9A3 /* camera@2x~ipad.png */; };
		F379447119FA2DF200FDD9A3 /* camera_gray@2x~ipad.png in Resources */ = {isa = PBXBuildFile; fileRef = F379443A19FA2DF200FDD9A3 /* camera_gray@2x~ipad.png */; };
		F379447219FA2DF200FDD9A3 /* camera_gray~ipad.png in Resources */ = {isa = PBXBuildFile; fileRef = F379443B19FA2DF200FDD9A3 /* camera_gray~ipad.png */; };
		F379447319FA2DF200FDD9A3 /* camera~ipad.png in Resources */ = {isa = PBXBuildFile; fileRef = F379443C19FA2DF200FDD9A3 /* camera~ipad.png */; };
		F379447419FA2DF200FDD9A3 /* close@2x~ipad.png in Resources */ = {isa = PBXBuildFile; fileRef = F379443D19FA2DF200FDD9A3 /* close@2x~ipad.png */; };
		F379447519FA2DF200FDD9A3 /* close~ipad.png in Resources */ = {isa = PBXBuildFile; fileRef = F379443E19FA2DF200FDD9A3 /* close~ipad.png */; };
		F379447619FA2DF200FDD9A3 /* default~ipad.png in Resources */ = {isa = PBXBuildFile; fileRef = F379443F19FA2DF200FDD9A3 /* default~ipad.png */; };
		F379448219FA2DF200FDD9A3 /* detailsepartorline.png in Resources */ = {isa = PBXBuildFile; fileRef = F379444B19FA2DF200FDD9A3 /* detailsepartorline.png */; };
		F379448519FA2DF200FDD9A3 /* email@2x~ipad.png in Resources */ = {isa = PBXBuildFile; fileRef = F379444E19FA2DF200FDD9A3 /* email@2x~ipad.png */; };
		F379448619FA2DF200FDD9A3 /* email~ipad.png in Resources */ = {isa = PBXBuildFile; fileRef = F379444F19FA2DF200FDD9A3 /* email~ipad.png */; };
		F379448719FA2DF200FDD9A3 /* finalize_repair@2x~ipad.png in Resources */ = {isa = PBXBuildFile; fileRef = F379445019FA2DF200FDD9A3 /* finalize_repair@2x~ipad.png */; };
		F379448819FA2DF200FDD9A3 /* finalize_repair~ipad.png in Resources */ = {isa = PBXBuildFile; fileRef = F379445119FA2DF200FDD9A3 /* finalize_repair~ipad.png */; };
		F379448B19FA2DF200FDD9A3 /* home@2x~ipad.png in Resources */ = {isa = PBXBuildFile; fileRef = F379445419FA2DF200FDD9A3 /* home@2x~ipad.png */; };
		F379448C19FA2DF200FDD9A3 /* home~ipad.png in Resources */ = {isa = PBXBuildFile; fileRef = F379445519FA2DF200FDD9A3 /* home~ipad.png */; };
		F379448D19FA2DF200FDD9A3 /* incident_detailtab@2x~ipad.png in Resources */ = {isa = PBXBuildFile; fileRef = F379445619FA2DF200FDD9A3 /* incident_detailtab@2x~ipad.png */; };
		F379448E19FA2DF200FDD9A3 /* incident_detailtab~ipad.png in Resources */ = {isa = PBXBuildFile; fileRef = F379445719FA2DF200FDD9A3 /* incident_detailtab~ipad.png */; };
		F379448F19FA2DF200FDD9A3 /* man@2x~ipad.png in Resources */ = {isa = PBXBuildFile; fileRef = F379445819FA2DF200FDD9A3 /* man@2x~ipad.png */; };
		F379449019FA2DF200FDD9A3 /* man~ipad.png in Resources */ = {isa = PBXBuildFile; fileRef = F379445919FA2DF200FDD9A3 /* man~ipad.png */; };
		F379449119FA2DF200FDD9A3 /* navigation_background@2x~ipad.png in Resources */ = {isa = PBXBuildFile; fileRef = F379445A19FA2DF200FDD9A3 /* navigation_background@2x~ipad.png */; };
		F379449219FA2DF200FDD9A3 /* navigation_background~ipad.png in Resources */ = {isa = PBXBuildFile; fileRef = F379445B19FA2DF200FDD9A3 /* navigation_background~ipad.png */; };
		F379449D19FA2DF200FDD9A3 /* sepratorline@2x~ipad.png in Resources */ = {isa = PBXBuildFile; fileRef = F379446619FA2DF200FDD9A3 /* sepratorline@2x~ipad.png */; };
		F379449E19FA2DF200FDD9A3 /* sepratorline~ipad.png in Resources */ = {isa = PBXBuildFile; fileRef = F379446719FA2DF200FDD9A3 /* sepratorline~ipad.png */; };
		F379449F19FA2DF200FDD9A3 /* setting@2x~ipad.png in Resources */ = {isa = PBXBuildFile; fileRef = F379446819FA2DF200FDD9A3 /* setting@2x~ipad.png */; };
		F37944A019FA2DF200FDD9A3 /* setting~ipad.png in Resources */ = {isa = PBXBuildFile; fileRef = F379446919FA2DF200FDD9A3 /* setting~ipad.png */; };
		F37944A419FA2E0900FDD9A3 /* iOSRepairApp-Info.plist in Resources */ = {isa = PBXBuildFile; fileRef = F37944A119FA2E0900FDD9A3 /* iOSRepairApp-Info.plist */; };
		F37944A519FA2E0900FDD9A3 /* main.m in Sources */ = {isa = PBXBuildFile; fileRef = F37944A319FA2E0900FDD9A3 /* main.m */; };
		F37944A819FA2E3100FDD9A3 /* InfoPlist.strings in Resources */ = {isa = PBXBuildFile; fileRef = F37944A619FA2E3100FDD9A3 /* InfoPlist.strings */; };
		F37944AD19FA32C500FDD9A3 /* EKNMetadata.m in Sources */ = {isa = PBXBuildFile; fileRef = F37944AC19FA32C500FDD9A3 /* EKNMetadata.m */; };
		F37944B319FA3AC300FDD9A3 /* NSString+NSStringExtensions.m in Sources */ = {isa = PBXBuildFile; fileRef = F37944B119FA3AC300FDD9A3 /* NSString+NSStringExtensions.m */; };
		F37944B619FA3DCA00FDD9A3 /* icon@2x~ipad.png in Resources */ = {isa = PBXBuildFile; fileRef = F37944B419FA3DCA00FDD9A3 /* icon@2x~ipad.png */; };
		F37944B719FA3DCA00FDD9A3 /* icon~ipad.png in Resources */ = {isa = PBXBuildFile; fileRef = F37944B519FA3DCA00FDD9A3 /* icon~ipad.png */; };
/* End PBXBuildFile section */

/* Begin PBXFileReference section */
		0EC4F5B619CFF2C600BEF583 /* iOSRepairApp.app */ = {isa = PBXFileReference; explicitFileType = wrapper.application; includeInIndex = 0; path = iOSRepairApp.app; sourceTree = BUILT_PRODUCTS_DIR; };
		0EC4F5B919CFF2C600BEF583 /* Foundation.framework */ = {isa = PBXFileReference; lastKnownFileType = wrapper.framework; name = Foundation.framework; path = System/Library/Frameworks/Foundation.framework; sourceTree = SDKROOT; };
		0EC4F5BB19CFF2C600BEF583 /* CoreGraphics.framework */ = {isa = PBXFileReference; lastKnownFileType = wrapper.framework; name = CoreGraphics.framework; path = System/Library/Frameworks/CoreGraphics.framework; sourceTree = SDKROOT; };
		0EC4F5BD19CFF2C600BEF583 /* UIKit.framework */ = {isa = PBXFileReference; lastKnownFileType = wrapper.framework; name = UIKit.framework; path = System/Library/Frameworks/UIKit.framework; sourceTree = SDKROOT; };
		240C36C39ECF3AAD30CC417B /* Pods.release.xcconfig */ = {isa = PBXFileReference; includeInIndex = 1; lastKnownFileType = text.xcconfig; name = Pods.release.xcconfig; path = "Pods/Target Support Files/Pods/Pods.release.xcconfig"; sourceTree = "<group>"; };
		481833CFFB1FA410AE17FCD2 /* Pods.debug.xcconfig */ = {isa = PBXFileReference; includeInIndex = 1; lastKnownFileType = text.xcconfig; name = Pods.debug.xcconfig; path = "Pods/Target Support Files/Pods/Pods.debug.xcconfig"; sourceTree = "<group>"; };
		4FDDCC949506D0ED88D9A210 /* libPods.a */ = {isa = PBXFileReference; explicitFileType = archive.ar; includeInIndex = 0; path = libPods.a; sourceTree = BUILT_PRODUCTS_DIR; };
		F31EFD9519FF895A005B04BD /* BaseController.h */ = {isa = PBXFileReference; fileEncoding = 4; lastKnownFileType = sourcecode.c.h; name = BaseController.h; path = iOSRepairApp/BaseController.h; sourceTree = SOURCE_ROOT; };
		F31EFD9619FF895A005B04BD /* BaseController.m */ = {isa = PBXFileReference; fileEncoding = 4; lastKnownFileType = sourcecode.c.objc; name = BaseController.m; path = iOSRepairApp/BaseController.m; sourceTree = SOURCE_ROOT; };
		F31EFD9819FF8BE4005B04BD /* libPods-Office365.a */ = {isa = PBXFileReference; lastKnownFileType = archive.ar; name = "libPods-Office365.a"; path = "Pods/build/Debug-iphoneos/libPods-Office365.a"; sourceTree = "<group>"; };
		F31EFD9A19FF8D0F005B04BD /* libPods-ADALiOS.a */ = {isa = PBXFileReference; lastKnownFileType = archive.ar; name = "libPods-ADALiOS.a"; path = "Pods/build/Debug-iphoneos/libPods-ADALiOS.a"; sourceTree = "<group>"; };
		F31EFD9C19FF8D17005B04BD /* libPods.a */ = {isa = PBXFileReference; lastKnownFileType = archive.ar; name = libPods.a; path = "Pods/build/Debug-iphoneos/libPods.a"; sourceTree = "<group>"; };
		F37943E719FA2B5E00FDD9A3 /* Settings.bundle */ = {isa = PBXFileReference; lastKnownFileType = "wrapper.plug-in"; name = Settings.bundle; path = iOSRepairApp/Settings.bundle; sourceTree = "<group>"; };
		F37943E919FA2B7100FDD9A3 /* ADAL_iPad_Storyboard.storyboard */ = {isa = PBXFileReference; fileEncoding = 4; lastKnownFileType = file.storyboard; name = ADAL_iPad_Storyboard.storyboard; path = iOSRepairApp/ADALiOSBundle/ADAL_iPad_Storyboard.storyboard; sourceTree = SOURCE_ROOT; };
		F37943EA19FA2B7100FDD9A3 /* ADAL_iPhone_Storyboard.storyboard */ = {isa = PBXFileReference; fileEncoding = 4; lastKnownFileType = file.storyboard; name = ADAL_iPhone_Storyboard.storyboard; path = iOSRepairApp/ADALiOSBundle/ADAL_iPhone_Storyboard.storyboard; sourceTree = SOURCE_ROOT; };
		F37943EB19FA2B7100FDD9A3 /* ADALiOSBundle-Info.plist */ = {isa = PBXFileReference; fileEncoding = 4; lastKnownFileType = text.plist.xml; name = "ADALiOSBundle-Info.plist"; path = "iOSRepairApp/ADALiOSBundle/ADALiOSBundle-Info.plist"; sourceTree = SOURCE_ROOT; };
		F37943EC19FA2B7100FDD9A3 /* ADALiOSBundle-Prefix.pch */ = {isa = PBXFileReference; fileEncoding = 4; lastKnownFileType = sourcecode.c.h; name = "ADALiOSBundle-Prefix.pch"; path = "iOSRepairApp/ADALiOSBundle/ADALiOSBundle-Prefix.pch"; sourceTree = SOURCE_ROOT; };
		F37943F519FA2C0F00FDD9A3 /* en */ = {isa = PBXFileReference; lastKnownFileType = text.plist.strings; name = en; path = iOSRepairApp/ADALiOSBundle/en.lproj/InfoPlist.strings; sourceTree = SOURCE_ROOT; };
		F37943F719FA2C6200FDD9A3 /* IncidentListItemCell.h */ = {isa = PBXFileReference; fileEncoding = 4; lastKnownFileType = sourcecode.c.h; name = IncidentListItemCell.h; path = iOSRepairApp/IncidentListItemCell.h; sourceTree = SOURCE_ROOT; };
		F37943F819FA2C6200FDD9A3 /* IncidentListItemCell.m */ = {isa = PBXFileReference; fileEncoding = 4; lastKnownFileType = sourcecode.c.objc; name = IncidentListItemCell.m; path = iOSRepairApp/IncidentListItemCell.m; sourceTree = SOURCE_ROOT; };
		F37943F919FA2C6200FDD9A3 /* IncidentListItemCell.xib */ = {isa = PBXFileReference; fileEncoding = 4; lastKnownFileType = file.xib; name = IncidentListItemCell.xib; path = iOSRepairApp/IncidentListItemCell.xib; sourceTree = SOURCE_ROOT; };
		F379440119FA2CA000FDD9A3 /* PropertyDetailsCell.h */ = {isa = PBXFileReference; fileEncoding = 4; lastKnownFileType = sourcecode.c.h; name = PropertyDetailsCell.h; path = iOSRepairApp/PropertyDetailsCell.h; sourceTree = SOURCE_ROOT; };
		F379440219FA2CA000FDD9A3 /* PropertyDetailsCell.m */ = {isa = PBXFileReference; fileEncoding = 4; lastKnownFileType = sourcecode.c.objc; name = PropertyDetailsCell.m; path = iOSRepairApp/PropertyDetailsCell.m; sourceTree = SOURCE_ROOT; };
		F379440319FA2CA000FDD9A3 /* PropertyDetailsCell.xib */ = {isa = PBXFileReference; fileEncoding = 4; lastKnownFileType = file.xib; name = PropertyDetailsCell.xib; path = iOSRepairApp/PropertyDetailsCell.xib; sourceTree = SOURCE_ROOT; };
		F379440419FA2CA000FDD9A3 /* PropertyDetailsImage.h */ = {isa = PBXFileReference; fileEncoding = 4; lastKnownFileType = sourcecode.c.h; name = PropertyDetailsImage.h; path = iOSRepairApp/PropertyDetailsImage.h; sourceTree = SOURCE_ROOT; };
		F379440519FA2CA000FDD9A3 /* PropertyDetailsImage.m */ = {isa = PBXFileReference; fileEncoding = 4; lastKnownFileType = sourcecode.c.objc; name = PropertyDetailsImage.m; path = iOSRepairApp/PropertyDetailsImage.m; sourceTree = SOURCE_ROOT; };
		F379440619FA2CA000FDD9A3 /* PropertyDetailsImage.xib */ = {isa = PBXFileReference; fileEncoding = 4; lastKnownFileType = file.xib; name = PropertyDetailsImage.xib; path = iOSRepairApp/PropertyDetailsImage.xib; sourceTree = SOURCE_ROOT; };
		F379440B19FA2CB300FDD9A3 /* EKNCollectionViewCell.h */ = {isa = PBXFileReference; fileEncoding = 4; lastKnownFileType = sourcecode.c.h; name = EKNCollectionViewCell.h; path = iOSRepairApp/EKNCollectionViewCell.h; sourceTree = SOURCE_ROOT; };
		F379440C19FA2CB300FDD9A3 /* EKNCollectionViewCell.m */ = {isa = PBXFileReference; fileEncoding = 4; lastKnownFileType = sourcecode.c.objc; name = EKNCollectionViewCell.m; path = iOSRepairApp/EKNCollectionViewCell.m; sourceTree = SOURCE_ROOT; };
		F379440D19FA2CB300FDD9A3 /* EKNCollectionViewCell.xib */ = {isa = PBXFileReference; fileEncoding = 4; lastKnownFileType = file.xib; name = EKNCollectionViewCell.xib; path = iOSRepairApp/EKNCollectionViewCell.xib; sourceTree = SOURCE_ROOT; };
		F379441019FA2CE000FDD9A3 /* ContactOwnerCell.h */ = {isa = PBXFileReference; fileEncoding = 4; lastKnownFileType = sourcecode.c.h; name = ContactOwnerCell.h; path = iOSRepairApp/ContactOwnerCell.h; sourceTree = SOURCE_ROOT; };
		F379441119FA2CE000FDD9A3 /* ContactOwnerCell.m */ = {isa = PBXFileReference; fileEncoding = 4; lastKnownFileType = sourcecode.c.objc; name = ContactOwnerCell.m; path = iOSRepairApp/ContactOwnerCell.m; sourceTree = SOURCE_ROOT; };
		F379441219FA2CE000FDD9A3 /* ContactOwnerCell.xib */ = {isa = PBXFileReference; fileEncoding = 4; lastKnownFileType = file.xib; name = ContactOwnerCell.xib; path = iOSRepairApp/ContactOwnerCell.xib; sourceTree = SOURCE_ROOT; };
		F379441519FA2D4700FDD9A3 /* EKNIncidentViewController.h */ = {isa = PBXFileReference; fileEncoding = 4; lastKnownFileType = sourcecode.c.h; name = EKNIncidentViewController.h; path = iOSRepairApp/EKNIncidentViewController.h; sourceTree = SOURCE_ROOT; };
		F379441619FA2D4700FDD9A3 /* EKNIncidentViewController.m */ = {isa = PBXFileReference; fileEncoding = 4; lastKnownFileType = sourcecode.c.objc; name = EKNIncidentViewController.m; path = iOSRepairApp/EKNIncidentViewController.m; sourceTree = SOURCE_ROOT; };
		F379441819FA2D7900FDD9A3 /* EKN+NavigationController.h */ = {isa = PBXFileReference; fileEncoding = 4; lastKnownFileType = sourcecode.c.h; name = "EKN+NavigationController.h"; path = "iOSRepairApp/EKN+NavigationController.h"; sourceTree = SOURCE_ROOT; };
		F379441919FA2D7900FDD9A3 /* EKN+NavigationController.m */ = {isa = PBXFileReference; fileEncoding = 4; lastKnownFileType = sourcecode.c.objc; name = "EKN+NavigationController.m"; path = "iOSRepairApp/EKN+NavigationController.m"; sourceTree = SOURCE_ROOT; };
		F379441A19FA2D7900FDD9A3 /* EKN+UIImagePickerController.h */ = {isa = PBXFileReference; fileEncoding = 4; lastKnownFileType = sourcecode.c.h; name = "EKN+UIImagePickerController.h"; path = "iOSRepairApp/EKN+UIImagePickerController.h"; sourceTree = SOURCE_ROOT; };
		F379441B19FA2D7900FDD9A3 /* EKN+UIImagePickerController.m */ = {isa = PBXFileReference; fileEncoding = 4; lastKnownFileType = sourcecode.c.objc; name = "EKN+UIImagePickerController.m"; path = "iOSRepairApp/EKN+UIImagePickerController.m"; sourceTree = SOURCE_ROOT; };
		F379441C19FA2D7900FDD9A3 /* EKN+UIViewController.h */ = {isa = PBXFileReference; fileEncoding = 4; lastKnownFileType = sourcecode.c.h; name = "EKN+UIViewController.h"; path = "iOSRepairApp/EKN+UIViewController.h"; sourceTree = SOURCE_ROOT; };
		F379441D19FA2D7900FDD9A3 /* EKN+UIViewController.m */ = {isa = PBXFileReference; fileEncoding = 4; lastKnownFileType = sourcecode.c.objc; name = "EKN+UIViewController.m"; path = "iOSRepairApp/EKN+UIViewController.m"; sourceTree = SOURCE_ROOT; };
		F379442119FA2D8E00FDD9A3 /* EKNListClient.h */ = {isa = PBXFileReference; fileEncoding = 4; lastKnownFileType = sourcecode.c.h; name = EKNListClient.h; path = iOSRepairApp/EKNListClient.h; sourceTree = SOURCE_ROOT; };
		F379442219FA2D8E00FDD9A3 /* EKNListClient.m */ = {isa = PBXFileReference; fileEncoding = 4; lastKnownFileType = sourcecode.c.objc; name = EKNListClient.m; path = iOSRepairApp/EKNListClient.m; sourceTree = SOURCE_ROOT; };
		F379442319FA2D8E00FDD9A3 /* EKNListItem.h */ = {isa = PBXFileReference; fileEncoding = 4; lastKnownFileType = sourcecode.c.h; name = EKNListItem.h; path = iOSRepairApp/EKNListItem.h; sourceTree = SOURCE_ROOT; };
		F379442419FA2D8E00FDD9A3 /* EKNListItem.m */ = {isa = PBXFileReference; fileEncoding = 4; lastKnownFileType = sourcecode.c.objc; name = EKNListItem.m; path = iOSRepairApp/EKNListItem.m; sourceTree = SOURCE_ROOT; };
		F379442719FA2DAA00FDD9A3 /* EKNAppDelegate.h */ = {isa = PBXFileReference; fileEncoding = 4; lastKnownFileType = sourcecode.c.h; name = EKNAppDelegate.h; path = iOSRepairApp/EKNAppDelegate.h; sourceTree = SOURCE_ROOT; };
		F379442819FA2DAA00FDD9A3 /* EKNAppDelegate.m */ = {isa = PBXFileReference; fileEncoding = 4; lastKnownFileType = sourcecode.c.objc; name = EKNAppDelegate.m; path = iOSRepairApp/EKNAppDelegate.m; sourceTree = SOURCE_ROOT; };
		F379442919FA2DAA00FDD9A3 /* EKNEKNGlobalInfo.h */ = {isa = PBXFileReference; fileEncoding = 4; lastKnownFileType = sourcecode.c.h; name = EKNEKNGlobalInfo.h; path = iOSRepairApp/EKNEKNGlobalInfo.h; sourceTree = SOURCE_ROOT; };
		F379442A19FA2DAA00FDD9A3 /* EKNEKNGlobalInfo.m */ = {isa = PBXFileReference; fileEncoding = 4; lastKnownFileType = sourcecode.c.objc; name = EKNEKNGlobalInfo.m; path = iOSRepairApp/EKNEKNGlobalInfo.m; sourceTree = SOURCE_ROOT; };
		F379442B19FA2DAA00FDD9A3 /* EKNLoginViewController.h */ = {isa = PBXFileReference; fileEncoding = 4; lastKnownFileType = sourcecode.c.h; name = EKNLoginViewController.h; path = iOSRepairApp/EKNLoginViewController.h; sourceTree = SOURCE_ROOT; };
		F379442C19FA2DAA00FDD9A3 /* EKNLoginViewController.m */ = {isa = PBXFileReference; fileEncoding = 4; lastKnownFileType = sourcecode.c.objc; name = EKNLoginViewController.m; path = iOSRepairApp/EKNLoginViewController.m; sourceTree = SOURCE_ROOT; };
		F379443019FA2DCC00FDD9A3 /* Images.xcassets */ = {isa = PBXFileReference; lastKnownFileType = folder.assetcatalog; name = Images.xcassets; path = iOSRepairApp/Images.xcassets; sourceTree = SOURCE_ROOT; };
		F379443319FA2DF200FDD9A3 /* before@2x~ipad.png */ = {isa = PBXFileReference; lastKnownFileType = image.png; path = "before@2x~ipad.png"; sourceTree = "<group>"; };
		F379443419FA2DF200FDD9A3 /* before~ipad.png */ = {isa = PBXFileReference; lastKnownFileType = image.png; path = "before~ipad.png"; sourceTree = "<group>"; };
		F379443719FA2DF200FDD9A3 /* calendar@2x~ipad.png */ = {isa = PBXFileReference; lastKnownFileType = image.png; path = "calendar@2x~ipad.png"; sourceTree = "<group>"; };
		F379443819FA2DF200FDD9A3 /* calendar~ipad.png */ = {isa = PBXFileReference; lastKnownFileType = image.png; path = "calendar~ipad.png"; sourceTree = "<group>"; };
		F379443919FA2DF200FDD9A3 /* camera@2x~ipad.png */ = {isa = PBXFileReference; lastKnownFileType = image.png; path = "camera@2x~ipad.png"; sourceTree = "<group>"; };
		F379443A19FA2DF200FDD9A3 /* camera_gray@2x~ipad.png */ = {isa = PBXFileReference; lastKnownFileType = image.png; path = "camera_gray@2x~ipad.png"; sourceTree = "<group>"; };
		F379443B19FA2DF200FDD9A3 /* camera_gray~ipad.png */ = {isa = PBXFileReference; lastKnownFileType = image.png; path = "camera_gray~ipad.png"; sourceTree = "<group>"; };
		F379443C19FA2DF200FDD9A3 /* camera~ipad.png */ = {isa = PBXFileReference; lastKnownFileType = image.png; path = "camera~ipad.png"; sourceTree = "<group>"; };
		F379443D19FA2DF200FDD9A3 /* close@2x~ipad.png */ = {isa = PBXFileReference; lastKnownFileType = image.png; path = "close@2x~ipad.png"; sourceTree = "<group>"; };
		F379443E19FA2DF200FDD9A3 /* close~ipad.png */ = {isa = PBXFileReference; lastKnownFileType = image.png; path = "close~ipad.png"; sourceTree = "<group>"; };
		F379443F19FA2DF200FDD9A3 /* default~ipad.png */ = {isa = PBXFileReference; lastKnownFileType = image.png; path = "default~ipad.png"; sourceTree = "<group>"; };
		F379444B19FA2DF200FDD9A3 /* detailsepartorline.png */ = {isa = PBXFileReference; lastKnownFileType = image.png; path = detailsepartorline.png; sourceTree = "<group>"; };
		F379444E19FA2DF200FDD9A3 /* email@2x~ipad.png */ = {isa = PBXFileReference; lastKnownFileType = image.png; path = "email@2x~ipad.png"; sourceTree = "<group>"; };
		F379444F19FA2DF200FDD9A3 /* email~ipad.png */ = {isa = PBXFileReference; lastKnownFileType = image.png; path = "email~ipad.png"; sourceTree = "<group>"; };
		F379445019FA2DF200FDD9A3 /* finalize_repair@2x~ipad.png */ = {isa = PBXFileReference; lastKnownFileType = image.png; path = "finalize_repair@2x~ipad.png"; sourceTree = "<group>"; };
		F379445119FA2DF200FDD9A3 /* finalize_repair~ipad.png */ = {isa = PBXFileReference; lastKnownFileType = image.png; path = "finalize_repair~ipad.png"; sourceTree = "<group>"; };
		F379445419FA2DF200FDD9A3 /* home@2x~ipad.png */ = {isa = PBXFileReference; lastKnownFileType = image.png; path = "home@2x~ipad.png"; sourceTree = "<group>"; };
		F379445519FA2DF200FDD9A3 /* home~ipad.png */ = {isa = PBXFileReference; lastKnownFileType = image.png; path = "home~ipad.png"; sourceTree = "<group>"; };
		F379445619FA2DF200FDD9A3 /* incident_detailtab@2x~ipad.png */ = {isa = PBXFileReference; lastKnownFileType = image.png; path = "incident_detailtab@2x~ipad.png"; sourceTree = "<group>"; };
		F379445719FA2DF200FDD9A3 /* incident_detailtab~ipad.png */ = {isa = PBXFileReference; lastKnownFileType = image.png; path = "incident_detailtab~ipad.png"; sourceTree = "<group>"; };
		F379445819FA2DF200FDD9A3 /* man@2x~ipad.png */ = {isa = PBXFileReference; lastKnownFileType = image.png; path = "man@2x~ipad.png"; sourceTree = "<group>"; };
		F379445919FA2DF200FDD9A3 /* man~ipad.png */ = {isa = PBXFileReference; lastKnownFileType = image.png; path = "man~ipad.png"; sourceTree = "<group>"; };
		F379445A19FA2DF200FDD9A3 /* navigation_background@2x~ipad.png */ = {isa = PBXFileReference; lastKnownFileType = image.png; path = "navigation_background@2x~ipad.png"; sourceTree = "<group>"; };
		F379445B19FA2DF200FDD9A3 /* navigation_background~ipad.png */ = {isa = PBXFileReference; lastKnownFileType = image.png; path = "navigation_background~ipad.png"; sourceTree = "<group>"; };
		F379446619FA2DF200FDD9A3 /* sepratorline@2x~ipad.png */ = {isa = PBXFileReference; lastKnownFileType = image.png; path = "sepratorline@2x~ipad.png"; sourceTree = "<group>"; };
		F379446719FA2DF200FDD9A3 /* sepratorline~ipad.png */ = {isa = PBXFileReference; lastKnownFileType = image.png; path = "sepratorline~ipad.png"; sourceTree = "<group>"; };
		F379446819FA2DF200FDD9A3 /* setting@2x~ipad.png */ = {isa = PBXFileReference; lastKnownFileType = image.png; path = "setting@2x~ipad.png"; sourceTree = "<group>"; };
		F379446919FA2DF200FDD9A3 /* setting~ipad.png */ = {isa = PBXFileReference; lastKnownFileType = image.png; path = "setting~ipad.png"; sourceTree = "<group>"; };
		F37944A119FA2E0900FDD9A3 /* iOSRepairApp-Info.plist */ = {isa = PBXFileReference; fileEncoding = 4; lastKnownFileType = text.plist.xml; name = "iOSRepairApp-Info.plist"; path = "iOSRepairApp/iOSRepairApp-Info.plist"; sourceTree = SOURCE_ROOT; };
		F37944A219FA2E0900FDD9A3 /* iOSRepairApp-Prefix.pch */ = {isa = PBXFileReference; fileEncoding = 4; lastKnownFileType = sourcecode.c.h; name = "iOSRepairApp-Prefix.pch"; path = "iOSRepairApp/iOSRepairApp-Prefix.pch"; sourceTree = SOURCE_ROOT; };
		F37944A319FA2E0900FDD9A3 /* main.m */ = {isa = PBXFileReference; fileEncoding = 4; lastKnownFileType = sourcecode.c.objc; name = main.m; path = iOSRepairApp/main.m; sourceTree = SOURCE_ROOT; };
		F37944A719FA2E3100FDD9A3 /* en */ = {isa = PBXFileReference; lastKnownFileType = text.plist.strings; name = en; path = iOSRepairApp/en.lproj/InfoPlist.strings; sourceTree = SOURCE_ROOT; };
		F37944A919FA2FDF00FDD9A3 /* libPods-ADALiOS.a */ = {isa = PBXFileReference; lastKnownFileType = archive.ar; name = "libPods-ADALiOS.a"; path = "Pods/build/Debug-iphoneos/libPods-ADALiOS.a"; sourceTree = "<group>"; };
		F37944AB19FA32C500FDD9A3 /* EKNMetadata.h */ = {isa = PBXFileReference; fileEncoding = 4; lastKnownFileType = sourcecode.c.h; name = EKNMetadata.h; path = iOSRepairApp/EKNMetadata.h; sourceTree = SOURCE_ROOT; };
		F37944AC19FA32C500FDD9A3 /* EKNMetadata.m */ = {isa = PBXFileReference; fileEncoding = 4; lastKnownFileType = sourcecode.c.objc; name = EKNMetadata.m; path = iOSRepairApp/EKNMetadata.m; sourceTree = SOURCE_ROOT; };
		F37944B119FA3AC300FDD9A3 /* NSString+NSStringExtensions.m */ = {isa = PBXFileReference; fileEncoding = 4; lastKnownFileType = sourcecode.c.objc; name = "NSString+NSStringExtensions.m"; path = "iOSRepairApp/NSString+NSStringExtensions.m"; sourceTree = SOURCE_ROOT; };
		F37944B219FA3AC300FDD9A3 /* NSString+NSStringExtensions.h */ = {isa = PBXFileReference; fileEncoding = 4; lastKnownFileType = sourcecode.c.h; name = "NSString+NSStringExtensions.h"; path = "iOSRepairApp/NSString+NSStringExtensions.h"; sourceTree = SOURCE_ROOT; };
		F37944B419FA3DCA00FDD9A3 /* icon@2x~ipad.png */ = {isa = PBXFileReference; lastKnownFileType = image.png; path = "icon@2x~ipad.png"; sourceTree = "<group>"; };
		F37944B519FA3DCA00FDD9A3 /* icon~ipad.png */ = {isa = PBXFileReference; lastKnownFileType = image.png; path = "icon~ipad.png"; sourceTree = "<group>"; };
/* End PBXFileReference section */

/* Begin PBXFrameworksBuildPhase section */
		0EC4F5B319CFF2C600BEF583 /* Frameworks */ = {
			isa = PBXFrameworksBuildPhase;
			buildActionMask = 2147483647;
			files = (
				F31EFD9D19FF8D17005B04BD /* libPods.a in Frameworks */,
				F31EFD9B19FF8D0F005B04BD /* libPods-ADALiOS.a in Frameworks */,
				F31EFD9919FF8BE4005B04BD /* libPods-Office365.a in Frameworks */,
				0EC4F5BC19CFF2C600BEF583 /* CoreGraphics.framework in Frameworks */,
				0EC4F5BE19CFF2C600BEF583 /* UIKit.framework in Frameworks */,
				0EC4F5BA19CFF2C600BEF583 /* Foundation.framework in Frameworks */,
			);
			runOnlyForDeploymentPostprocessing = 0;
		};
/* End PBXFrameworksBuildPhase section */

/* Begin PBXGroup section */
		0EA20B1719E549BD007EBF6A /* Lists */ = {
			isa = PBXGroup;
			children = (
				F37944AB19FA32C500FDD9A3 /* EKNMetadata.h */,
				F37944AC19FA32C500FDD9A3 /* EKNMetadata.m */,
				F379442119FA2D8E00FDD9A3 /* EKNListClient.h */,
				F379442219FA2D8E00FDD9A3 /* EKNListClient.m */,
				F379442319FA2D8E00FDD9A3 /* EKNListItem.h */,
				F379442419FA2D8E00FDD9A3 /* EKNListItem.m */,
			);
			name = Lists;
			sourceTree = "<group>";
		};
		0EA2D9F219D8094400465DA2 /* ADALiOSBundle */ = {
			isa = PBXGroup;
			children = (
				F37943F419FA2C0F00FDD9A3 /* InfoPlist.strings */,
				F37943E919FA2B7100FDD9A3 /* ADAL_iPad_Storyboard.storyboard */,
				F37943EA19FA2B7100FDD9A3 /* ADAL_iPhone_Storyboard.storyboard */,
				F37943EB19FA2B7100FDD9A3 /* ADALiOSBundle-Info.plist */,
				F37943EC19FA2B7100FDD9A3 /* ADALiOSBundle-Prefix.pch */,
			);
			name = ADALiOSBundle;
			path = EdKeyNote/ADALiOSBundle;
			sourceTree = "<group>";
		};
		0EADF95519E7C48600E1DE77 /* UIViewControllerEX */ = {
			isa = PBXGroup;
			children = (
				F37944B119FA3AC300FDD9A3 /* NSString+NSStringExtensions.m */,
				F37944B219FA3AC300FDD9A3 /* NSString+NSStringExtensions.h */,
				F379441819FA2D7900FDD9A3 /* EKN+NavigationController.h */,
				F379441919FA2D7900FDD9A3 /* EKN+NavigationController.m */,
				F379441A19FA2D7900FDD9A3 /* EKN+UIImagePickerController.h */,
				F379441B19FA2D7900FDD9A3 /* EKN+UIImagePickerController.m */,
				F379441C19FA2D7900FDD9A3 /* EKN+UIViewController.h */,
				F379441D19FA2D7900FDD9A3 /* EKN+UIViewController.m */,
			);
			name = UIViewControllerEX;
			sourceTree = "<group>";
		};
		0EC4F5AD19CFF2C600BEF583 = {
			isa = PBXGroup;
			children = (
				F37943E719FA2B5E00FDD9A3 /* Settings.bundle */,
				0EA2D9F219D8094400465DA2 /* ADALiOSBundle */,
				0EC4F5BF19CFF2C600BEF583 /* iOSRepairApp */,
				0EC4F5B819CFF2C600BEF583 /* Frameworks */,
				0EC4F5B719CFF2C600BEF583 /* Products */,
				C91E61786CFC154A0EC3C523 /* Pods */,
			);
			sourceTree = "<group>";
		};
		0EC4F5B719CFF2C600BEF583 /* Products */ = {
			isa = PBXGroup;
			children = (
				0EC4F5B619CFF2C600BEF583 /* iOSRepairApp.app */,
			);
			name = Products;
			sourceTree = "<group>";
		};
		0EC4F5B819CFF2C600BEF583 /* Frameworks */ = {
			isa = PBXGroup;
			children = (
				F31EFD9C19FF8D17005B04BD /* libPods.a */,
				F31EFD9A19FF8D0F005B04BD /* libPods-ADALiOS.a */,
				F31EFD9819FF8BE4005B04BD /* libPods-Office365.a */,
				F37944A919FA2FDF00FDD9A3 /* libPods-ADALiOS.a */,
				0EC4F5B919CFF2C600BEF583 /* Foundation.framework */,
				0EC4F5BB19CFF2C600BEF583 /* CoreGraphics.framework */,
				0EC4F5BD19CFF2C600BEF583 /* UIKit.framework */,
				4FDDCC949506D0ED88D9A210 /* libPods.a */,
			);
			name = Frameworks;
			sourceTree = "<group>";
		};
		0EC4F5BF19CFF2C600BEF583 /* iOSRepairApp */ = {
			isa = PBXGroup;
			children = (
				F379443019FA2DCC00FDD9A3 /* Images.xcassets */,
				F379442719FA2DAA00FDD9A3 /* EKNAppDelegate.h */,
				F379442819FA2DAA00FDD9A3 /* EKNAppDelegate.m */,
				F379442919FA2DAA00FDD9A3 /* EKNEKNGlobalInfo.h */,
				F379442A19FA2DAA00FDD9A3 /* EKNEKNGlobalInfo.m */,
				F31EFD9519FF895A005B04BD /* BaseController.h */,
				F31EFD9619FF895A005B04BD /* BaseController.m */,
				F379442B19FA2DAA00FDD9A3 /* EKNLoginViewController.h */,
				F379442C19FA2DAA00FDD9A3 /* EKNLoginViewController.m */,
				F3673A6A19ED2D1700C02B44 /* Incident Page */,
				0EADF95519E7C48600E1DE77 /* UIViewControllerEX */,
				0EA20B1719E549BD007EBF6A /* Lists */,
				0EC4F5C019CFF2C600BEF583 /* Supporting Files */,
			);
			name = iOSRepairApp;
			path = EdKeyNote;
			sourceTree = "<group>";
		};
		0EC4F5C019CFF2C600BEF583 /* Supporting Files */ = {
			isa = PBXGroup;
			children = (
				F37944A619FA2E3100FDD9A3 /* InfoPlist.strings */,
				F37944A119FA2E0900FDD9A3 /* iOSRepairApp-Info.plist */,
				F37944A219FA2E0900FDD9A3 /* iOSRepairApp-Prefix.pch */,
				F37944A319FA2E0900FDD9A3 /* main.m */,
				F379443219FA2DF200FDD9A3 /* Images */,
			);
			name = "Supporting Files";
			sourceTree = "<group>";
		};
		C91E61786CFC154A0EC3C523 /* Pods */ = {
			isa = PBXGroup;
			children = (
				481833CFFB1FA410AE17FCD2 /* Pods.debug.xcconfig */,
				240C36C39ECF3AAD30CC417B /* Pods.release.xcconfig */,
			);
			name = Pods;
			sourceTree = "<group>";
		};
		F3673A6A19ED2D1700C02B44 /* Incident Page */ = {
			isa = PBXGroup;
			children = (
				F379441519FA2D4700FDD9A3 /* EKNIncidentViewController.h */,
				F379441619FA2D4700FDD9A3 /* EKNIncidentViewController.m */,
				F3673A6F19ED2ED400C02B44 /* IncidentCell */,
			);
			name = "Incident Page";
			sourceTree = "<group>";
		};
		F3673A6F19ED2ED400C02B44 /* IncidentCell */ = {
			isa = PBXGroup;
			children = (
				F379441019FA2CE000FDD9A3 /* ContactOwnerCell.h */,
				F379441119FA2CE000FDD9A3 /* ContactOwnerCell.m */,
				F379441219FA2CE000FDD9A3 /* ContactOwnerCell.xib */,
				F379440B19FA2CB300FDD9A3 /* EKNCollectionViewCell.h */,
				F379440C19FA2CB300FDD9A3 /* EKNCollectionViewCell.m */,
				F379440D19FA2CB300FDD9A3 /* EKNCollectionViewCell.xib */,
				F379440119FA2CA000FDD9A3 /* PropertyDetailsCell.h */,
				F379440219FA2CA000FDD9A3 /* PropertyDetailsCell.m */,
				F379440319FA2CA000FDD9A3 /* PropertyDetailsCell.xib */,
				F379440419FA2CA000FDD9A3 /* PropertyDetailsImage.h */,
				F379440519FA2CA000FDD9A3 /* PropertyDetailsImage.m */,
				F379440619FA2CA000FDD9A3 /* PropertyDetailsImage.xib */,
				F37943F719FA2C6200FDD9A3 /* IncidentListItemCell.h */,
				F37943F819FA2C6200FDD9A3 /* IncidentListItemCell.m */,
				F37943F919FA2C6200FDD9A3 /* IncidentListItemCell.xib */,
			);
			name = IncidentCell;
			sourceTree = "<group>";
		};
		F379443219FA2DF200FDD9A3 /* Images */ = {
			isa = PBXGroup;
			children = (
				F37944B419FA3DCA00FDD9A3 /* icon@2x~ipad.png */,
				F37944B519FA3DCA00FDD9A3 /* icon~ipad.png */,
				F379443319FA2DF200FDD9A3 /* before@2x~ipad.png */,
				F379443419FA2DF200FDD9A3 /* before~ipad.png */,
				F379443719FA2DF200FDD9A3 /* calendar@2x~ipad.png */,
				F379443819FA2DF200FDD9A3 /* calendar~ipad.png */,
				F379443919FA2DF200FDD9A3 /* camera@2x~ipad.png */,
				F379443A19FA2DF200FDD9A3 /* camera_gray@2x~ipad.png */,
				F379443B19FA2DF200FDD9A3 /* camera_gray~ipad.png */,
				F379443C19FA2DF200FDD9A3 /* camera~ipad.png */,
				F379443D19FA2DF200FDD9A3 /* close@2x~ipad.png */,
				F379443E19FA2DF200FDD9A3 /* close~ipad.png */,
				F379443F19FA2DF200FDD9A3 /* default~ipad.png */,
				F379444B19FA2DF200FDD9A3 /* detailsepartorline.png */,
				F379444E19FA2DF200FDD9A3 /* email@2x~ipad.png */,
				F379444F19FA2DF200FDD9A3 /* email~ipad.png */,
				F379445019FA2DF200FDD9A3 /* finalize_repair@2x~ipad.png */,
				F379445119FA2DF200FDD9A3 /* finalize_repair~ipad.png */,
				F379445419FA2DF200FDD9A3 /* home@2x~ipad.png */,
				F379445519FA2DF200FDD9A3 /* home~ipad.png */,
				F379445619FA2DF200FDD9A3 /* incident_detailtab@2x~ipad.png */,
				F379445719FA2DF200FDD9A3 /* incident_detailtab~ipad.png */,
				F379445819FA2DF200FDD9A3 /* man@2x~ipad.png */,
				F379445919FA2DF200FDD9A3 /* man~ipad.png */,
				F379445A19FA2DF200FDD9A3 /* navigation_background@2x~ipad.png */,
				F379445B19FA2DF200FDD9A3 /* navigation_background~ipad.png */,
				F379446619FA2DF200FDD9A3 /* sepratorline@2x~ipad.png */,
				F379446719FA2DF200FDD9A3 /* sepratorline~ipad.png */,
				F379446819FA2DF200FDD9A3 /* setting@2x~ipad.png */,
				F379446919FA2DF200FDD9A3 /* setting~ipad.png */,
			);
			name = Images;
			path = iOSRepairApp/Images;
			sourceTree = SOURCE_ROOT;
		};
/* End PBXGroup section */

/* Begin PBXNativeTarget section */
		0EC4F5B519CFF2C600BEF583 /* iOSRepairApp */ = {
			isa = PBXNativeTarget;
			buildConfigurationList = 0EC4F5E219CFF2C600BEF583 /* Build configuration list for PBXNativeTarget "iOSRepairApp" */;
			buildPhases = (
				81B15AFD244ACD3DAD6DC8B9 /* Check Pods Manifest.lock */,
				0EC4F5B219CFF2C600BEF583 /* Sources */,
				0EC4F5B319CFF2C600BEF583 /* Frameworks */,
				0EC4F5B419CFF2C600BEF583 /* Resources */,
				D80BE777C1BD92D1FC1384DC /* Copy Pods Resources */,
			);
			buildRules = (
			);
			dependencies = (
			);
			name = iOSRepairApp;
			productName = EdKeyNote;
			productReference = 0EC4F5B619CFF2C600BEF583 /* iOSRepairApp.app */;
			productType = "com.apple.product-type.application";
		};
/* End PBXNativeTarget section */

/* Begin PBXProject section */
		0EC4F5AE19CFF2C600BEF583 /* Project object */ = {
			isa = PBXProject;
			attributes = {
				CLASSPREFIX = EKN;
				LastUpgradeCheck = 0510;
				ORGANIZATIONNAME = canviz;
			};
			buildConfigurationList = 0EC4F5B119CFF2C600BEF583 /* Build configuration list for PBXProject "iOSRepairApp" */;
			compatibilityVersion = "Xcode 3.2";
			developmentRegion = English;
			hasScannedForEncodings = 0;
			knownRegions = (
				en,
				Base,
			);
			mainGroup = 0EC4F5AD19CFF2C600BEF583;
			productRefGroup = 0EC4F5B719CFF2C600BEF583 /* Products */;
			projectDirPath = "";
			projectRoot = "";
			targets = (
				0EC4F5B519CFF2C600BEF583 /* iOSRepairApp */,
			);
		};
/* End PBXProject section */

/* Begin PBXResourcesBuildPhase section */
		0EC4F5B419CFF2C600BEF583 /* Resources */ = {
			isa = PBXResourcesBuildPhase;
			buildActionMask = 2147483647;
			files = (
				F37943E819FA2B5E00FDD9A3 /* Settings.bundle in Resources */,
				F37944A819FA2E3100FDD9A3 /* InfoPlist.strings in Resources */,
				F37944A419FA2E0900FDD9A3 /* iOSRepairApp-Info.plist in Resources */,
				F37943F219FA2B7100FDD9A3 /* ADALiOSBundle-Info.plist in Resources */,
				F379448E19FA2DF200FDD9A3 /* incident_detailtab~ipad.png in Resources */,
				F37944A019FA2DF200FDD9A3 /* setting~ipad.png in Resources */,
				F379447019FA2DF200FDD9A3 /* camera@2x~ipad.png in Resources */,
				F379447519FA2DF200FDD9A3 /* close~ipad.png in Resources */,
				F379447119FA2DF200FDD9A3 /* camera_gray@2x~ipad.png in Resources */,
				F379440F19FA2CB300FDD9A3 /* EKNCollectionViewCell.xib in Resources */,
				F379446B19FA2DF200FDD9A3 /* before~ipad.png in Resources */,
				F379440819FA2CA000FDD9A3 /* PropertyDetailsCell.xib in Resources */,
				F379447319FA2DF200FDD9A3 /* camera~ipad.png in Resources */,
				F37943F619FA2C0F00FDD9A3 /* InfoPlist.strings in Resources */,
				F379448F19FA2DF200FDD9A3 /* man@2x~ipad.png in Resources */,
				F379448B19FA2DF200FDD9A3 /* home@2x~ipad.png in Resources */,
				F379440A19FA2CA000FDD9A3 /* PropertyDetailsImage.xib in Resources */,
				F37943FE19FA2C6200FDD9A3 /* IncidentListItemCell.xib in Resources */,
				F379447219FA2DF200FDD9A3 /* camera_gray~ipad.png in Resources */,
				F379447619FA2DF200FDD9A3 /* default~ipad.png in Resources */,
				F37944B719FA3DCA00FDD9A3 /* icon~ipad.png in Resources */,
				F37943F119FA2B7100FDD9A3 /* ADAL_iPhone_Storyboard.storyboard in Resources */,
				F379449219FA2DF200FDD9A3 /* navigation_background~ipad.png in Resources */,
				F379448519FA2DF200FDD9A3 /* email@2x~ipad.png in Resources */,
				F379449D19FA2DF200FDD9A3 /* sepratorline@2x~ipad.png in Resources */,
				F379449F19FA2DF200FDD9A3 /* setting@2x~ipad.png in Resources */,
				F379446F19FA2DF200FDD9A3 /* calendar~ipad.png in Resources */,
				F379448D19FA2DF200FDD9A3 /* incident_detailtab@2x~ipad.png in Resources */,
				F379448219FA2DF200FDD9A3 /* detailsepartorline.png in Resources */,
				F379449019FA2DF200FDD9A3 /* man~ipad.png in Resources */,
				F379446A19FA2DF200FDD9A3 /* before@2x~ipad.png in Resources */,
				F379449119FA2DF200FDD9A3 /* navigation_background@2x~ipad.png in Resources */,
				F379447419FA2DF200FDD9A3 /* close@2x~ipad.png in Resources */,
				F379443119FA2DCC00FDD9A3 /* Images.xcassets in Resources */,
				F379449E19FA2DF200FDD9A3 /* sepratorline~ipad.png in Resources */,
				F379448C19FA2DF200FDD9A3 /* home~ipad.png in Resources */,
				F379448819FA2DF200FDD9A3 /* finalize_repair~ipad.png in Resources */,
				F37944B619FA3DCA00FDD9A3 /* icon@2x~ipad.png in Resources */,
				F379448719FA2DF200FDD9A3 /* finalize_repair@2x~ipad.png in Resources */,
				F379446E19FA2DF200FDD9A3 /* calendar@2x~ipad.png in Resources */,
				F379441419FA2CE000FDD9A3 /* ContactOwnerCell.xib in Resources */,
				F379448619FA2DF200FDD9A3 /* email~ipad.png in Resources */,
				F37943F019FA2B7100FDD9A3 /* ADAL_iPad_Storyboard.storyboard in Resources */,
			);
			runOnlyForDeploymentPostprocessing = 0;
		};
/* End PBXResourcesBuildPhase section */

/* Begin PBXShellScriptBuildPhase section */
		81B15AFD244ACD3DAD6DC8B9 /* Check Pods Manifest.lock */ = {
			isa = PBXShellScriptBuildPhase;
			buildActionMask = 2147483647;
			files = (
			);
			inputPaths = (
			);
			name = "Check Pods Manifest.lock";
			outputPaths = (
			);
			runOnlyForDeploymentPostprocessing = 0;
			shellPath = /bin/sh;
			shellScript = "diff \"${PODS_ROOT}/../Podfile.lock\" \"${PODS_ROOT}/Manifest.lock\" > /dev/null\nif [[ $? != 0 ]] ; then\n    cat << EOM\nerror: The sandbox is not in sync with the Podfile.lock. Run 'pod install' or update your CocoaPods installation.\nEOM\n    exit 1\nfi\n";
			showEnvVarsInLog = 0;
		};
		D80BE777C1BD92D1FC1384DC /* Copy Pods Resources */ = {
			isa = PBXShellScriptBuildPhase;
			buildActionMask = 2147483647;
			files = (
			);
			inputPaths = (
			);
			name = "Copy Pods Resources";
			outputPaths = (
			);
			runOnlyForDeploymentPostprocessing = 0;
			shellPath = /bin/sh;
			shellScript = "\"${SRCROOT}/Pods/Target Support Files/Pods/Pods-resources.sh\"\n";
			showEnvVarsInLog = 0;
		};
/* End PBXShellScriptBuildPhase section */

/* Begin PBXSourcesBuildPhase section */
		0EC4F5B219CFF2C600BEF583 /* Sources */ = {
			isa = PBXSourcesBuildPhase;
			buildActionMask = 2147483647;
			files = (
				F379441719FA2D4700FDD9A3 /* EKNIncidentViewController.m in Sources */,
				F379441E19FA2D7900FDD9A3 /* EKN+NavigationController.m in Sources */,
				F379442519FA2D8E00FDD9A3 /* EKNListClient.m in Sources */,
				F379441319FA2CE000FDD9A3 /* ContactOwnerCell.m in Sources */,
				F379442D19FA2DAA00FDD9A3 /* EKNAppDelegate.m in Sources */,
				F379440E19FA2CB300FDD9A3 /* EKNCollectionViewCell.m in Sources */,
				F37944AD19FA32C500FDD9A3 /* EKNMetadata.m in Sources */,
				F37944A519FA2E0900FDD9A3 /* main.m in Sources */,
				F379440919FA2CA000FDD9A3 /* PropertyDetailsImage.m in Sources */,
				F37944B319FA3AC300FDD9A3 /* NSString+NSStringExtensions.m in Sources */,
				F31EFD9719FF895A005B04BD /* BaseController.m in Sources */,
				F379442619FA2D8E00FDD9A3 /* EKNListItem.m in Sources */,
				F379440719FA2CA000FDD9A3 /* PropertyDetailsCell.m in Sources */,
				F379442019FA2D7900FDD9A3 /* EKN+UIViewController.m in Sources */,
				F37943FD19FA2C6200FDD9A3 /* IncidentListItemCell.m in Sources */,
				F379442E19FA2DAA00FDD9A3 /* EKNEKNGlobalInfo.m in Sources */,
				F379442F19FA2DAA00FDD9A3 /* EKNLoginViewController.m in Sources */,
				F379441F19FA2D7900FDD9A3 /* EKN+UIImagePickerController.m in Sources */,
			);
			runOnlyForDeploymentPostprocessing = 0;
		};
/* End PBXSourcesBuildPhase section */

/* Begin PBXVariantGroup section */
		F37943F419FA2C0F00FDD9A3 /* InfoPlist.strings */ = {
			isa = PBXVariantGroup;
			children = (
				F37943F519FA2C0F00FDD9A3 /* en */,
			);
			name = InfoPlist.strings;
			sourceTree = "<group>";
		};
		F37944A619FA2E3100FDD9A3 /* InfoPlist.strings */ = {
			isa = PBXVariantGroup;
			children = (
				F37944A719FA2E3100FDD9A3 /* en */,
			);
			name = InfoPlist.strings;
			sourceTree = "<group>";
		};
/* End PBXVariantGroup section */

/* Begin XCBuildConfiguration section */
		0EC4F5E019CFF2C600BEF583 /* Debug */ = {
			isa = XCBuildConfiguration;
			buildSettings = {
				ALWAYS_SEARCH_USER_PATHS = NO;
				CLANG_CXX_LANGUAGE_STANDARD = "gnu++0x";
				CLANG_CXX_LIBRARY = "libc++";
				CLANG_ENABLE_MODULES = YES;
				CLANG_ENABLE_OBJC_ARC = YES;
				CLANG_WARN_BOOL_CONVERSION = YES;
				CLANG_WARN_CONSTANT_CONVERSION = YES;
				CLANG_WARN_DIRECT_OBJC_ISA_USAGE = YES_ERROR;
				CLANG_WARN_EMPTY_BODY = YES;
				CLANG_WARN_ENUM_CONVERSION = YES;
				CLANG_WARN_INT_CONVERSION = YES;
				CLANG_WARN_OBJC_ROOT_CLASS = YES_ERROR;
				CLANG_WARN__DUPLICATE_METHOD_MATCH = YES;
				"CODE_SIGN_IDENTITY[sdk=iphoneos*]" = "iPhone Developer";
				COPY_PHASE_STRIP = NO;
				GCC_C_LANGUAGE_STANDARD = gnu99;
				GCC_DYNAMIC_NO_PIC = NO;
				GCC_OPTIMIZATION_LEVEL = 0;
				GCC_PREPROCESSOR_DEFINITIONS = (
					"DEBUG=1",
					"$(inherited)",
				);
				GCC_SYMBOLS_PRIVATE_EXTERN = NO;
				GCC_WARN_64_TO_32_BIT_CONVERSION = YES;
				GCC_WARN_ABOUT_RETURN_TYPE = YES_ERROR;
				GCC_WARN_UNDECLARED_SELECTOR = YES;
				GCC_WARN_UNINITIALIZED_AUTOS = YES_AGGRESSIVE;
				GCC_WARN_UNUSED_FUNCTION = YES;
				GCC_WARN_UNUSED_VARIABLE = YES;
				IPHONEOS_DEPLOYMENT_TARGET = 7.0;
				ONLY_ACTIVE_ARCH = YES;
				SDKROOT = iphoneos;
				TARGETED_DEVICE_FAMILY = 2;
			};
			name = Debug;
		};
		0EC4F5E119CFF2C600BEF583 /* Release */ = {
			isa = XCBuildConfiguration;
			buildSettings = {
				ALWAYS_SEARCH_USER_PATHS = NO;
				CLANG_CXX_LANGUAGE_STANDARD = "gnu++0x";
				CLANG_CXX_LIBRARY = "libc++";
				CLANG_ENABLE_MODULES = YES;
				CLANG_ENABLE_OBJC_ARC = YES;
				CLANG_WARN_BOOL_CONVERSION = YES;
				CLANG_WARN_CONSTANT_CONVERSION = YES;
				CLANG_WARN_DIRECT_OBJC_ISA_USAGE = YES_ERROR;
				CLANG_WARN_EMPTY_BODY = YES;
				CLANG_WARN_ENUM_CONVERSION = YES;
				CLANG_WARN_INT_CONVERSION = YES;
				CLANG_WARN_OBJC_ROOT_CLASS = YES_ERROR;
				CLANG_WARN__DUPLICATE_METHOD_MATCH = YES;
				"CODE_SIGN_IDENTITY[sdk=iphoneos*]" = "iPhone Developer";
				COPY_PHASE_STRIP = YES;
				ENABLE_NS_ASSERTIONS = NO;
				GCC_C_LANGUAGE_STANDARD = gnu99;
				GCC_WARN_64_TO_32_BIT_CONVERSION = YES;
				GCC_WARN_ABOUT_RETURN_TYPE = YES_ERROR;
				GCC_WARN_UNDECLARED_SELECTOR = YES;
				GCC_WARN_UNINITIALIZED_AUTOS = YES_AGGRESSIVE;
				GCC_WARN_UNUSED_FUNCTION = YES;
				GCC_WARN_UNUSED_VARIABLE = YES;
				IPHONEOS_DEPLOYMENT_TARGET = 7.0;
				SDKROOT = iphoneos;
				TARGETED_DEVICE_FAMILY = 2;
				VALIDATE_PRODUCT = YES;
			};
			name = Release;
		};
		0EC4F5E319CFF2C600BEF583 /* Debug */ = {
			isa = XCBuildConfiguration;
			baseConfigurationReference = 481833CFFB1FA410AE17FCD2 /* Pods.debug.xcconfig */;
			buildSettings = {
				ASSETCATALOG_COMPILER_APPICON_NAME = AppIcon;
				ASSETCATALOG_COMPILER_LAUNCHIMAGE_NAME = LaunchImage;
				CODE_SIGN_IDENTITY = "";
				"CODE_SIGN_IDENTITY[sdk=iphoneos*]" = "";
				GCC_PRECOMPILE_PREFIX_HEADER = YES;
				GCC_PREFIX_HEADER = "iOSRepairApp/iOSRepairApp-Prefix.pch";
				HEADER_SEARCH_PATHS = (
					"$(inherited)",
					/Applications/Xcode.app/Contents/Developer/Toolchains/XcodeDefault.xctoolchain/usr/include,
				);
				INFOPLIST_FILE = "$(SRCROOT)/iOSRepairApp/iOSRepairApp-Info.plist";
				IPHONEOS_DEPLOYMENT_TARGET = 8.0;
				LIBRARY_SEARCH_PATHS = "$(PROJECT_DIR)/Pods/build/Debug-iphoneos";
				OTHER_LDFLAGS = "-ObjC";
				PRODUCT_NAME = iOSRepairApp;
				PROVISIONING_PROFILE = "";
				SDKROOT = iphoneos8.0;
				TARGETED_DEVICE_FAMILY = 2;
				WRAPPER_EXTENSION = app;
			};
			name = Debug;
		};
		0EC4F5E419CFF2C600BEF583 /* Release */ = {
			isa = XCBuildConfiguration;
			baseConfigurationReference = 240C36C39ECF3AAD30CC417B /* Pods.release.xcconfig */;
			buildSettings = {
				ASSETCATALOG_COMPILER_APPICON_NAME = AppIcon;
				ASSETCATALOG_COMPILER_LAUNCHIMAGE_NAME = LaunchImage;
				CODE_SIGN_IDENTITY = "";
				"CODE_SIGN_IDENTITY[sdk=iphoneos*]" = "";
				GCC_PRECOMPILE_PREFIX_HEADER = YES;
				GCC_PREFIX_HEADER = "iOSRepairApp/iOSRepairApp-Prefix.pch";
				HEADER_SEARCH_PATHS = (
					"$(inherited)",
					/Applications/Xcode.app/Contents/Developer/Toolchains/XcodeDefault.xctoolchain/usr/include,
				);
				INFOPLIST_FILE = "$(SRCROOT)/iOSRepairApp/iOSRepairApp-Info.plist";
				IPHONEOS_DEPLOYMENT_TARGET = 8.0;
				LIBRARY_SEARCH_PATHS = "$(PROJECT_DIR)/Pods/build/Debug-iphoneos";
				OTHER_LDFLAGS = "-ObjC";
				PRODUCT_NAME = iOSRepairApp;
				PROVISIONING_PROFILE = "";
				SDKROOT = iphoneos8.0;
				TARGETED_DEVICE_FAMILY = 2;
				WRAPPER_EXTENSION = app;
			};
			name = Release;
		};
/* End XCBuildConfiguration section */

/* Begin XCConfigurationList section */
		0EC4F5B119CFF2C600BEF583 /* Build configuration list for PBXProject "iOSRepairApp" */ = {
			isa = XCConfigurationList;
			buildConfigurations = (
				0EC4F5E019CFF2C600BEF583 /* Debug */,
				0EC4F5E119CFF2C600BEF583 /* Release */,
			);
			defaultConfigurationIsVisible = 0;
			defaultConfigurationName = Release;
		};
		0EC4F5E219CFF2C600BEF583 /* Build configuration list for PBXNativeTarget "iOSRepairApp" */ = {
			isa = XCConfigurationList;
			buildConfigurations = (
				0EC4F5E319CFF2C600BEF583 /* Debug */,
				0EC4F5E419CFF2C600BEF583 /* Release */,
			);
			defaultConfigurationIsVisible = 0;
			defaultConfigurationName = Release;
		};
/* End XCConfigurationList section */
	};
	rootObject = 0EC4F5AE19CFF2C600BEF583 /* Project object */;
}
